// !$*UTF8*$!
{
	archiveVersion = 1;
	classes = {
	};
	objectVersion = 56;
	objects = {

/* Begin PBXBuildFile section */
		27061C4D2B17FD1A00A316CC /* ListRowItemView.swift in Sources */ = {isa = PBXBuildFile; fileRef = 27061C4C2B17FD1A00A316CC /* ListRowItemView.swift */; };
		27061C4F2B1802DD00A316CC /* CheckboxStyle.swift in Sources */ = {isa = PBXBuildFile; fileRef = 27061C4E2B1802DD00A316CC /* CheckboxStyle.swift */; };
		27061C512B180C8B00A316CC /* SoundPlayer.swift in Sources */ = {isa = PBXBuildFile; fileRef = 27061C502B180C8B00A316CC /* SoundPlayer.swift */; };
		27061C592B181A2C00A316CC /* WidgetKit.framework in Frameworks */ = {isa = PBXBuildFile; fileRef = 27061C582B181A2B00A316CC /* WidgetKit.framework */; };
		27061C5B2B181A2C00A316CC /* SwiftUI.framework in Frameworks */ = {isa = PBXBuildFile; fileRef = 27061C5A2B181A2C00A316CC /* SwiftUI.framework */; };
		27061C5E2B181A2C00A316CC /* DevoteWidgetBundle.swift in Sources */ = {isa = PBXBuildFile; fileRef = 27061C5D2B181A2C00A316CC /* DevoteWidgetBundle.swift */; };
		27061C602B181A2C00A316CC /* DevoteWidget.swift in Sources */ = {isa = PBXBuildFile; fileRef = 27061C5F2B181A2C00A316CC /* DevoteWidget.swift */; };
		27061C622B181A2D00A316CC /* Assets.xcassets in Resources */ = {isa = PBXBuildFile; fileRef = 27061C612B181A2D00A316CC /* Assets.xcassets */; };
		27061C662B181A2D00A316CC /* DevoteWidgetExtension.appex in Embed Foundation Extensions */ = {isa = PBXBuildFile; fileRef = 27061C562B181A2B00A316CC /* DevoteWidgetExtension.appex */; settings = {ATTRIBUTES = (RemoveHeadersOnCopy, ); }; };
		27061C6B2B181BB200A316CC /* Assets.xcassets in Resources */ = {isa = PBXBuildFile; fileRef = 27E4873B2B0AD81600C78273 /* Assets.xcassets */; };
		27061C6C2B181CAD00A316CC /* Constant.swift in Sources */ = {isa = PBXBuildFile; fileRef = 27D908662B16A60F007549E0 /* Constant.swift */; };
		27D908672B16A60F007549E0 /* Constant.swift in Sources */ = {isa = PBXBuildFile; fileRef = 27D908662B16A60F007549E0 /* Constant.swift */; };
		27D908692B16AEAE007549E0 /* KeyboardExtension.swift in Sources */ = {isa = PBXBuildFile; fileRef = 27D908682B16AEAE007549E0 /* KeyboardExtension.swift */; };
		27D9086C2B16B98D007549E0 /* BackgroundImageView.swift in Sources */ = {isa = PBXBuildFile; fileRef = 27D9086B2B16B98D007549E0 /* BackgroundImageView.swift */; };
		27D9086E2B16BCA3007549E0 /* NewTaskItemView.swift in Sources */ = {isa = PBXBuildFile; fileRef = 27D9086D2B16BCA3007549E0 /* NewTaskItemView.swift */; };
		27D908702B16C1C4007549E0 /* BlankView.swift in Sources */ = {isa = PBXBuildFile; fileRef = 27D9086F2B16C1C4007549E0 /* BlankView.swift */; };
		27E487382B0AD81500C78273 /* DevoteApp.swift in Sources */ = {isa = PBXBuildFile; fileRef = 27E487372B0AD81500C78273 /* DevoteApp.swift */; };
		27E4873A2B0AD81500C78273 /* ContentView.swift in Sources */ = {isa = PBXBuildFile; fileRef = 27E487392B0AD81500C78273 /* ContentView.swift */; };
		27E4873C2B0AD81600C78273 /* Assets.xcassets in Resources */ = {isa = PBXBuildFile; fileRef = 27E4873B2B0AD81600C78273 /* Assets.xcassets */; };
		27E4873F2B0AD81600C78273 /* Preview Assets.xcassets in Resources */ = {isa = PBXBuildFile; fileRef = 27E4873E2B0AD81600C78273 /* Preview Assets.xcassets */; };
		27E487412B0AD81600C78273 /* Persistence.swift in Sources */ = {isa = PBXBuildFile; fileRef = 27E487402B0AD81600C78273 /* Persistence.swift */; };
		27E487442B0AD81600C78273 /* Devote.xcdatamodeld in Sources */ = {isa = PBXBuildFile; fileRef = 27E487422B0AD81600C78273 /* Devote.xcdatamodeld */; };
		27E4874D2B0AD89000C78273 /* sound-tap.mp3 in Resources */ = {isa = PBXBuildFile; fileRef = 27E4874A2B0AD88F00C78273 /* sound-tap.mp3 */; };
		27E4874E2B0AD89000C78273 /* sound-ding.mp3 in Resources */ = {isa = PBXBuildFile; fileRef = 27E4874B2B0AD88F00C78273 /* sound-ding.mp3 */; };
		27E4874F2B0AD89000C78273 /* sound-rise.mp3 in Resources */ = {isa = PBXBuildFile; fileRef = 27E4874C2B0AD89000C78273 /* sound-rise.mp3 */; };
/* End PBXBuildFile section */

/* Begin PBXContainerItemProxy section */
		27061C642B181A2D00A316CC /* PBXContainerItemProxy */ = {
			isa = PBXContainerItemProxy;
			containerPortal = 27E4872C2B0AD81500C78273 /* Project object */;
			proxyType = 1;
			remoteGlobalIDString = 27061C552B181A2B00A316CC;
			remoteInfo = DevoteWidgetExtension;
		};
/* End PBXContainerItemProxy section */

/* Begin PBXCopyFilesBuildPhase section */
		27061C6A2B181A2D00A316CC /* Embed Foundation Extensions */ = {
			isa = PBXCopyFilesBuildPhase;
			buildActionMask = 2147483647;
			dstPath = "";
			dstSubfolderSpec = 13;
			files = (
				27061C662B181A2D00A316CC /* DevoteWidgetExtension.appex in Embed Foundation Extensions */,
			);
			name = "Embed Foundation Extensions";
			runOnlyForDeploymentPostprocessing = 0;
		};
/* End PBXCopyFilesBuildPhase section */

/* Begin PBXFileReference section */
		27061C4C2B17FD1A00A316CC /* ListRowItemView.swift */ = {isa = PBXFileReference; lastKnownFileType = sourcecode.swift; path = ListRowItemView.swift; sourceTree = "<group>"; };
		27061C4E2B1802DD00A316CC /* CheckboxStyle.swift */ = {isa = PBXFileReference; lastKnownFileType = sourcecode.swift; path = CheckboxStyle.swift; sourceTree = "<group>"; };
		27061C502B180C8B00A316CC /* SoundPlayer.swift */ = {isa = PBXFileReference; lastKnownFileType = sourcecode.swift; path = SoundPlayer.swift; sourceTree = "<group>"; };
		27061C562B181A2B00A316CC /* DevoteWidgetExtension.appex */ = {isa = PBXFileReference; explicitFileType = "wrapper.app-extension"; includeInIndex = 0; path = DevoteWidgetExtension.appex; sourceTree = BUILT_PRODUCTS_DIR; };
		27061C582B181A2B00A316CC /* WidgetKit.framework */ = {isa = PBXFileReference; lastKnownFileType = wrapper.framework; name = WidgetKit.framework; path = System/Library/Frameworks/WidgetKit.framework; sourceTree = SDKROOT; };
		27061C5A2B181A2C00A316CC /* SwiftUI.framework */ = {isa = PBXFileReference; lastKnownFileType = wrapper.framework; name = SwiftUI.framework; path = System/Library/Frameworks/SwiftUI.framework; sourceTree = SDKROOT; };
		27061C5D2B181A2C00A316CC /* DevoteWidgetBundle.swift */ = {isa = PBXFileReference; lastKnownFileType = sourcecode.swift; path = DevoteWidgetBundle.swift; sourceTree = "<group>"; };
		27061C5F2B181A2C00A316CC /* DevoteWidget.swift */ = {isa = PBXFileReference; lastKnownFileType = sourcecode.swift; path = DevoteWidget.swift; sourceTree = "<group>"; };
		27061C612B181A2D00A316CC /* Assets.xcassets */ = {isa = PBXFileReference; lastKnownFileType = folder.assetcatalog; path = Assets.xcassets; sourceTree = "<group>"; };
		27061C632B181A2D00A316CC /* Info.plist */ = {isa = PBXFileReference; lastKnownFileType = text.plist.xml; path = Info.plist; sourceTree = "<group>"; };
		27D908662B16A60F007549E0 /* Constant.swift */ = {isa = PBXFileReference; lastKnownFileType = sourcecode.swift; path = Constant.swift; sourceTree = "<group>"; };
		27D908682B16AEAE007549E0 /* KeyboardExtension.swift */ = {isa = PBXFileReference; lastKnownFileType = sourcecode.swift; path = KeyboardExtension.swift; sourceTree = "<group>"; };
		27D9086B2B16B98D007549E0 /* BackgroundImageView.swift */ = {isa = PBXFileReference; lastKnownFileType = sourcecode.swift; path = BackgroundImageView.swift; sourceTree = "<group>"; };
		27D9086D2B16BCA3007549E0 /* NewTaskItemView.swift */ = {isa = PBXFileReference; lastKnownFileType = sourcecode.swift; path = NewTaskItemView.swift; sourceTree = "<group>"; };
		27D9086F2B16C1C4007549E0 /* BlankView.swift */ = {isa = PBXFileReference; lastKnownFileType = sourcecode.swift; path = BlankView.swift; sourceTree = "<group>"; };
		27E487342B0AD81500C78273 /* Devote.app */ = {isa = PBXFileReference; explicitFileType = wrapper.application; includeInIndex = 0; path = Devote.app; sourceTree = BUILT_PRODUCTS_DIR; };
		27E487372B0AD81500C78273 /* DevoteApp.swift */ = {isa = PBXFileReference; lastKnownFileType = sourcecode.swift; path = DevoteApp.swift; sourceTree = "<group>"; };
		27E487392B0AD81500C78273 /* ContentView.swift */ = {isa = PBXFileReference; lastKnownFileType = sourcecode.swift; path = ContentView.swift; sourceTree = "<group>"; };
		27E4873B2B0AD81600C78273 /* Assets.xcassets */ = {isa = PBXFileReference; lastKnownFileType = folder.assetcatalog; path = Assets.xcassets; sourceTree = "<group>"; };
		27E4873E2B0AD81600C78273 /* Preview Assets.xcassets */ = {isa = PBXFileReference; lastKnownFileType = folder.assetcatalog; path = "Preview Assets.xcassets"; sourceTree = "<group>"; };
		27E487402B0AD81600C78273 /* Persistence.swift */ = {isa = PBXFileReference; lastKnownFileType = sourcecode.swift; path = Persistence.swift; sourceTree = "<group>"; };
		27E487432B0AD81600C78273 /* Devote.xcdatamodel */ = {isa = PBXFileReference; lastKnownFileType = wrapper.xcdatamodel; path = Devote.xcdatamodel; sourceTree = "<group>"; };
		27E4874A2B0AD88F00C78273 /* sound-tap.mp3 */ = {isa = PBXFileReference; lastKnownFileType = audio.mp3; path = "sound-tap.mp3"; sourceTree = "<group>"; };
		27E4874B2B0AD88F00C78273 /* sound-ding.mp3 */ = {isa = PBXFileReference; lastKnownFileType = audio.mp3; path = "sound-ding.mp3"; sourceTree = "<group>"; };
		27E4874C2B0AD89000C78273 /* sound-rise.mp3 */ = {isa = PBXFileReference; lastKnownFileType = audio.mp3; path = "sound-rise.mp3"; sourceTree = "<group>"; };
		27E487572B0AD8FF00C78273 /* Info.plist */ = {isa = PBXFileReference; lastKnownFileType = text.plist; path = Info.plist; sourceTree = "<group>"; };
/* End PBXFileReference section */

/* Begin PBXFrameworksBuildPhase section */
		27061C532B181A2B00A316CC /* Frameworks */ = {
			isa = PBXFrameworksBuildPhase;
			buildActionMask = 2147483647;
			files = (
				27061C5B2B181A2C00A316CC /* SwiftUI.framework in Frameworks */,
				27061C592B181A2C00A316CC /* WidgetKit.framework in Frameworks */,
			);
			runOnlyForDeploymentPostprocessing = 0;
		};
		27E487312B0AD81500C78273 /* Frameworks */ = {
			isa = PBXFrameworksBuildPhase;
			buildActionMask = 2147483647;
			files = (
			);
			runOnlyForDeploymentPostprocessing = 0;
		};
/* End PBXFrameworksBuildPhase section */

/* Begin PBXGroup section */
		27061C572B181A2B00A316CC /* Frameworks */ = {
			isa = PBXGroup;
			children = (
				27061C582B181A2B00A316CC /* WidgetKit.framework */,
				27061C5A2B181A2C00A316CC /* SwiftUI.framework */,
			);
			name = Frameworks;
			sourceTree = "<group>";
		};
		27061C5C2B181A2C00A316CC /* DevoteWidget */ = {
			isa = PBXGroup;
			children = (
				27061C5D2B181A2C00A316CC /* DevoteWidgetBundle.swift */,
				27061C5F2B181A2C00A316CC /* DevoteWidget.swift */,
				27061C612B181A2D00A316CC /* Assets.xcassets */,
				27061C632B181A2D00A316CC /* Info.plist */,
			);
			path = DevoteWidget;
			sourceTree = "<group>";
		};
		27E4872B2B0AD81500C78273 = {
			isa = PBXGroup;
			children = (
				27E487362B0AD81500C78273 /* Devote */,
				27061C5C2B181A2C00A316CC /* DevoteWidget */,
				27061C572B181A2B00A316CC /* Frameworks */,
				27E487352B0AD81500C78273 /* Products */,
			);
			sourceTree = "<group>";
		};
		27E487352B0AD81500C78273 /* Products */ = {
			isa = PBXGroup;
			children = (
				27E487342B0AD81500C78273 /* Devote.app */,
				27061C562B181A2B00A316CC /* DevoteWidgetExtension.appex */,
			);
			name = Products;
			sourceTree = "<group>";
		};
		27E487362B0AD81500C78273 /* Devote */ = {
			isa = PBXGroup;
			children = (
				27E487572B0AD8FF00C78273 /* Info.plist */,
				27E487512B0AD89D00C78273 /* App */,
				27E487522B0AD8A400C78273 /* View */,
				27E487532B0AD8AA00C78273 /* Model */,
				27E487562B0AD8D200C78273 /* Extension */,
				27E487552B0AD8CE00C78273 /* Utility */,
				27E487542B0AD8CA00C78273 /* Style */,
				27E487502B0AD89500C78273 /* Sounds */,
				27E4873B2B0AD81600C78273 /* Assets.xcassets */,
				27E4873D2B0AD81600C78273 /* Preview Content */,
			);
			path = Devote;
			sourceTree = "<group>";
		};
		27E4873D2B0AD81600C78273 /* Preview Content */ = {
			isa = PBXGroup;
			children = (
				27E4873E2B0AD81600C78273 /* Preview Assets.xcassets */,
			);
			path = "Preview Content";
			sourceTree = "<group>";
		};
		27E487502B0AD89500C78273 /* Sounds */ = {
			isa = PBXGroup;
			children = (
				27E4874B2B0AD88F00C78273 /* sound-ding.mp3 */,
				27E4874C2B0AD89000C78273 /* sound-rise.mp3 */,
				27E4874A2B0AD88F00C78273 /* sound-tap.mp3 */,
			);
			path = Sounds;
			sourceTree = "<group>";
		};
		27E487512B0AD89D00C78273 /* App */ = {
			isa = PBXGroup;
			children = (
				27E487372B0AD81500C78273 /* DevoteApp.swift */,
			);
			path = App;
			sourceTree = "<group>";
		};
		27E487522B0AD8A400C78273 /* View */ = {
			isa = PBXGroup;
			children = (
				27E487392B0AD81500C78273 /* ContentView.swift */,
				27D9086B2B16B98D007549E0 /* BackgroundImageView.swift */,
				27D9086D2B16BCA3007549E0 /* NewTaskItemView.swift */,
				27D9086F2B16C1C4007549E0 /* BlankView.swift */,
				27061C4C2B17FD1A00A316CC /* ListRowItemView.swift */,
			);
			path = View;
			sourceTree = "<group>";
		};
		27E487532B0AD8AA00C78273 /* Model */ = {
			isa = PBXGroup;
			children = (
				27E487402B0AD81600C78273 /* Persistence.swift */,
				27E487422B0AD81600C78273 /* Devote.xcdatamodeld */,
			);
			path = Model;
			sourceTree = "<group>";
		};
		27E487542B0AD8CA00C78273 /* Style */ = {
			isa = PBXGroup;
			children = (
				27061C4E2B1802DD00A316CC /* CheckboxStyle.swift */,
			);
			path = Style;
			sourceTree = "<group>";
		};
		27E487552B0AD8CE00C78273 /* Utility */ = {
			isa = PBXGroup;
			children = (
				27D908662B16A60F007549E0 /* Constant.swift */,
				27061C502B180C8B00A316CC /* SoundPlayer.swift */,
			);
			path = Utility;
			sourceTree = "<group>";
		};
		27E487562B0AD8D200C78273 /* Extension */ = {
			isa = PBXGroup;
			children = (
				27D908682B16AEAE007549E0 /* KeyboardExtension.swift */,
			);
			path = Extension;
			sourceTree = "<group>";
		};
/* End PBXGroup section */

/* Begin PBXNativeTarget section */
		27061C552B181A2B00A316CC /* DevoteWidgetExtension */ = {
			isa = PBXNativeTarget;
			buildConfigurationList = 27061C672B181A2D00A316CC /* Build configuration list for PBXNativeTarget "DevoteWidgetExtension" */;
			buildPhases = (
				27061C522B181A2B00A316CC /* Sources */,
				27061C532B181A2B00A316CC /* Frameworks */,
				27061C542B181A2B00A316CC /* Resources */,
			);
			buildRules = (
			);
			dependencies = (
			);
			name = DevoteWidgetExtension;
			productName = DevoteWidgetExtension;
			productReference = 27061C562B181A2B00A316CC /* DevoteWidgetExtension.appex */;
			productType = "com.apple.product-type.app-extension";
		};
		27E487332B0AD81500C78273 /* Devote */ = {
			isa = PBXNativeTarget;
			buildConfigurationList = 27E487472B0AD81600C78273 /* Build configuration list for PBXNativeTarget "Devote" */;
			buildPhases = (
				27E487302B0AD81500C78273 /* Sources */,
				27E487312B0AD81500C78273 /* Frameworks */,
				27E487322B0AD81500C78273 /* Resources */,
				27061C6A2B181A2D00A316CC /* Embed Foundation Extensions */,
			);
			buildRules = (
			);
			dependencies = (
				27061C652B181A2D00A316CC /* PBXTargetDependency */,
			);
			name = Devote;
			productName = Devote;
			productReference = 27E487342B0AD81500C78273 /* Devote.app */;
			productType = "com.apple.product-type.application";
		};
/* End PBXNativeTarget section */

/* Begin PBXProject section */
		27E4872C2B0AD81500C78273 /* Project object */ = {
			isa = PBXProject;
			attributes = {
				BuildIndependentTargetsInParallel = 1;
				LastSwiftUpdateCheck = 1500;
				LastUpgradeCheck = 1500;
				TargetAttributes = {
					27061C552B181A2B00A316CC = {
						CreatedOnToolsVersion = 15.0.1;
					};
					27E487332B0AD81500C78273 = {
						CreatedOnToolsVersion = 15.0.1;
					};
				};
			};
			buildConfigurationList = 27E4872F2B0AD81500C78273 /* Build configuration list for PBXProject "Devote" */;
			compatibilityVersion = "Xcode 14.0";
			developmentRegion = en;
			hasScannedForEncodings = 0;
			knownRegions = (
				en,
				Base,
			);
			mainGroup = 27E4872B2B0AD81500C78273;
			productRefGroup = 27E487352B0AD81500C78273 /* Products */;
			projectDirPath = "";
			projectRoot = "";
			targets = (
				27E487332B0AD81500C78273 /* Devote */,
				27061C552B181A2B00A316CC /* DevoteWidgetExtension */,
			);
		};
/* End PBXProject section */

/* Begin PBXResourcesBuildPhase section */
		27061C542B181A2B00A316CC /* Resources */ = {
			isa = PBXResourcesBuildPhase;
			buildActionMask = 2147483647;
			files = (
				27061C6B2B181BB200A316CC /* Assets.xcassets in Resources */,
				27061C622B181A2D00A316CC /* Assets.xcassets in Resources */,
			);
			runOnlyForDeploymentPostprocessing = 0;
		};
		27E487322B0AD81500C78273 /* Resources */ = {
			isa = PBXResourcesBuildPhase;
			buildActionMask = 2147483647;
			files = (
				27E4874F2B0AD89000C78273 /* sound-rise.mp3 in Resources */,
				27E4874E2B0AD89000C78273 /* sound-ding.mp3 in Resources */,
				27E4874D2B0AD89000C78273 /* sound-tap.mp3 in Resources */,
				27E4873F2B0AD81600C78273 /* Preview Assets.xcassets in Resources */,
				27E4873C2B0AD81600C78273 /* Assets.xcassets in Resources */,
			);
			runOnlyForDeploymentPostprocessing = 0;
		};
/* End PBXResourcesBuildPhase section */

/* Begin PBXSourcesBuildPhase section */
		27061C522B181A2B00A316CC /* Sources */ = {
			isa = PBXSourcesBuildPhase;
			buildActionMask = 2147483647;
			files = (
				27061C602B181A2C00A316CC /* DevoteWidget.swift in Sources */,
				27061C5E2B181A2C00A316CC /* DevoteWidgetBundle.swift in Sources */,
				27061C6C2B181CAD00A316CC /* Constant.swift in Sources */,
			);
			runOnlyForDeploymentPostprocessing = 0;
		};
		27E487302B0AD81500C78273 /* Sources */ = {
			isa = PBXSourcesBuildPhase;
			buildActionMask = 2147483647;
			files = (
				27E487412B0AD81600C78273 /* Persistence.swift in Sources */,
				27D9086C2B16B98D007549E0 /* BackgroundImageView.swift in Sources */,
				27E4873A2B0AD81500C78273 /* ContentView.swift in Sources */,
				27D908672B16A60F007549E0 /* Constant.swift in Sources */,
				27D908702B16C1C4007549E0 /* BlankView.swift in Sources */,
				27E487442B0AD81600C78273 /* Devote.xcdatamodeld in Sources */,
				27061C4D2B17FD1A00A316CC /* ListRowItemView.swift in Sources */,
				27D908692B16AEAE007549E0 /* KeyboardExtension.swift in Sources */,
				27E487382B0AD81500C78273 /* DevoteApp.swift in Sources */,
				27061C4F2B1802DD00A316CC /* CheckboxStyle.swift in Sources */,
				27061C512B180C8B00A316CC /* SoundPlayer.swift in Sources */,
				27D9086E2B16BCA3007549E0 /* NewTaskItemView.swift in Sources */,
			);
			runOnlyForDeploymentPostprocessing = 0;
		};
/* End PBXSourcesBuildPhase section */

/* Begin PBXTargetDependency section */
		27061C652B181A2D00A316CC /* PBXTargetDependency */ = {
			isa = PBXTargetDependency;
			target = 27061C552B181A2B00A316CC /* DevoteWidgetExtension */;
			targetProxy = 27061C642B181A2D00A316CC /* PBXContainerItemProxy */;
		};
/* End PBXTargetDependency section */

/* Begin XCBuildConfiguration section */
		27061C682B181A2D00A316CC /* Debug */ = {
			isa = XCBuildConfiguration;
			buildSettings = {
				ASSETCATALOG_COMPILER_GLOBAL_ACCENT_COLOR_NAME = AccentColor;
				ASSETCATALOG_COMPILER_WIDGET_BACKGROUND_COLOR_NAME = WidgetBackground;
				CODE_SIGN_STYLE = Automatic;
				CURRENT_PROJECT_VERSION = 1;
				DEVELOPMENT_TEAM = GQ64LD2VXV;
				GENERATE_INFOPLIST_FILE = YES;
				INFOPLIST_FILE = DevoteWidget/Info.plist;
				INFOPLIST_KEY_CFBundleDisplayName = DevoteWidget;
				INFOPLIST_KEY_NSHumanReadableCopyright = "";
				LD_RUNPATH_SEARCH_PATHS = (
					"$(inherited)",
					"@executable_path/Frameworks",
					"@executable_path/../../Frameworks",
				);
				MARKETING_VERSION = 1.0;
				PRODUCT_BUNDLE_IDENTIFIER = com.techvelai.Devote.DevoteWidget;
				PRODUCT_NAME = "$(TARGET_NAME)";
				SKIP_INSTALL = YES;
				SWIFT_EMIT_LOC_STRINGS = YES;
				SWIFT_VERSION = 5.0;
				TARGETED_DEVICE_FAMILY = "1,2";
			};
			name = Debug;
		};
		27061C692B181A2D00A316CC /* Release */ = {
			isa = XCBuildConfiguration;
			buildSettings = {
				ASSETCATALOG_COMPILER_GLOBAL_ACCENT_COLOR_NAME = AccentColor;
				ASSETCATALOG_COMPILER_WIDGET_BACKGROUND_COLOR_NAME = WidgetBackground;
				CODE_SIGN_STYLE = Automatic;
				CURRENT_PROJECT_VERSION = 1;
				DEVELOPMENT_TEAM = GQ64LD2VXV;
				GENERATE_INFOPLIST_FILE = YES;
				INFOPLIST_FILE = DevoteWidget/Info.plist;
				INFOPLIST_KEY_CFBundleDisplayName = DevoteWidget;
				INFOPLIST_KEY_NSHumanReadableCopyright = "";
				LD_RUNPATH_SEARCH_PATHS = (
					"$(inherited)",
					"@executable_path/Frameworks",
					"@executable_path/../../Frameworks",
				);
				MARKETING_VERSION = 1.0;
				PRODUCT_BUNDLE_IDENTIFIER = com.techvelai.Devote.DevoteWidget;
				PRODUCT_NAME = "$(TARGET_NAME)";
				SKIP_INSTALL = YES;
				SWIFT_EMIT_LOC_STRINGS = YES;
				SWIFT_VERSION = 5.0;
				TARGETED_DEVICE_FAMILY = "1,2";
			};
			name = Release;
		};
		27E487452B0AD81600C78273 /* Debug */ = {
			isa = XCBuildConfiguration;
			buildSettings = {
				ALWAYS_SEARCH_USER_PATHS = NO;
				ASSETCATALOG_COMPILER_GENERATE_SWIFT_ASSET_SYMBOL_EXTENSIONS = YES;
				CLANG_ANALYZER_NONNULL = YES;
				CLANG_ANALYZER_NUMBER_OBJECT_CONVERSION = YES_AGGRESSIVE;
				CLANG_CXX_LANGUAGE_STANDARD = "gnu++20";
				CLANG_ENABLE_MODULES = YES;
				CLANG_ENABLE_OBJC_ARC = YES;
				CLANG_ENABLE_OBJC_WEAK = YES;
				CLANG_WARN_BLOCK_CAPTURE_AUTORELEASING = YES;
				CLANG_WARN_BOOL_CONVERSION = YES;
				CLANG_WARN_COMMA = YES;
				CLANG_WARN_CONSTANT_CONVERSION = YES;
				CLANG_WARN_DEPRECATED_OBJC_IMPLEMENTATIONS = YES;
				CLANG_WARN_DIRECT_OBJC_ISA_USAGE = YES_ERROR;
				CLANG_WARN_DOCUMENTATION_COMMENTS = YES;
				CLANG_WARN_EMPTY_BODY = YES;
				CLANG_WARN_ENUM_CONVERSION = YES;
				CLANG_WARN_INFINITE_RECURSION = YES;
				CLANG_WARN_INT_CONVERSION = YES;
				CLANG_WARN_NON_LITERAL_NULL_CONVERSION = YES;
				CLANG_WARN_OBJC_IMPLICIT_RETAIN_SELF = YES;
				CLANG_WARN_OBJC_LITERAL_CONVERSION = YES;
				CLANG_WARN_OBJC_ROOT_CLASS = YES_ERROR;
				CLANG_WARN_QUOTED_INCLUDE_IN_FRAMEWORK_HEADER = YES;
				CLANG_WARN_RANGE_LOOP_ANALYSIS = YES;
				CLANG_WARN_STRICT_PROTOTYPES = YES;
				CLANG_WARN_SUSPICIOUS_MOVE = YES;
				CLANG_WARN_UNGUARDED_AVAILABILITY = YES_AGGRESSIVE;
				CLANG_WARN_UNREACHABLE_CODE = YES;
				CLANG_WARN__DUPLICATE_METHOD_MATCH = YES;
				COPY_PHASE_STRIP = NO;
				DEBUG_INFORMATION_FORMAT = dwarf;
				ENABLE_STRICT_OBJC_MSGSEND = YES;
				ENABLE_TESTABILITY = YES;
				ENABLE_USER_SCRIPT_SANDBOXING = YES;
				GCC_C_LANGUAGE_STANDARD = gnu17;
				GCC_DYNAMIC_NO_PIC = NO;
				GCC_NO_COMMON_BLOCKS = YES;
				GCC_OPTIMIZATION_LEVEL = 0;
				GCC_PREPROCESSOR_DEFINITIONS = (
					"DEBUG=1",
					"$(inherited)",
				);
				GCC_WARN_64_TO_32_BIT_CONVERSION = YES;
				GCC_WARN_ABOUT_RETURN_TYPE = YES_ERROR;
				GCC_WARN_UNDECLARED_SELECTOR = YES;
				GCC_WARN_UNINITIALIZED_AUTOS = YES_AGGRESSIVE;
				GCC_WARN_UNUSED_FUNCTION = YES;
				GCC_WARN_UNUSED_VARIABLE = YES;
				IPHONEOS_DEPLOYMENT_TARGET = 17.0;
				LOCALIZATION_PREFERS_STRING_CATALOGS = YES;
				MTL_ENABLE_DEBUG_INFO = INCLUDE_SOURCE;
				MTL_FAST_MATH = YES;
				ONLY_ACTIVE_ARCH = YES;
				SDKROOT = iphoneos;
				SWIFT_ACTIVE_COMPILATION_CONDITIONS = "DEBUG $(inherited)";
				SWIFT_OPTIMIZATION_LEVEL = "-Onone";
			};
			name = Debug;
		};
		27E487462B0AD81600C78273 /* Release */ = {
			isa = XCBuildConfiguration;
			buildSettings = {
				ALWAYS_SEARCH_USER_PATHS = NO;
				ASSETCATALOG_COMPILER_GENERATE_SWIFT_ASSET_SYMBOL_EXTENSIONS = YES;
				CLANG_ANALYZER_NONNULL = YES;
				CLANG_ANALYZER_NUMBER_OBJECT_CONVERSION = YES_AGGRESSIVE;
				CLANG_CXX_LANGUAGE_STANDARD = "gnu++20";
				CLANG_ENABLE_MODULES = YES;
				CLANG_ENABLE_OBJC_ARC = YES;
				CLANG_ENABLE_OBJC_WEAK = YES;
				CLANG_WARN_BLOCK_CAPTURE_AUTORELEASING = YES;
				CLANG_WARN_BOOL_CONVERSION = YES;
				CLANG_WARN_COMMA = YES;
				CLANG_WARN_CONSTANT_CONVERSION = YES;
				CLANG_WARN_DEPRECATED_OBJC_IMPLEMENTATIONS = YES;
				CLANG_WARN_DIRECT_OBJC_ISA_USAGE = YES_ERROR;
				CLANG_WARN_DOCUMENTATION_COMMENTS = YES;
				CLANG_WARN_EMPTY_BODY = YES;
				CLANG_WARN_ENUM_CONVERSION = YES;
				CLANG_WARN_INFINITE_RECURSION = YES;
				CLANG_WARN_INT_CONVERSION = YES;
				CLANG_WARN_NON_LITERAL_NULL_CONVERSION = YES;
				CLANG_WARN_OBJC_IMPLICIT_RETAIN_SELF = YES;
				CLANG_WARN_OBJC_LITERAL_CONVERSION = YES;
				CLANG_WARN_OBJC_ROOT_CLASS = YES_ERROR;
				CLANG_WARN_QUOTED_INCLUDE_IN_FRAMEWORK_HEADER = YES;
				CLANG_WARN_RANGE_LOOP_ANALYSIS = YES;
				CLANG_WARN_STRICT_PROTOTYPES = YES;
				CLANG_WARN_SUSPICIOUS_MOVE = YES;
				CLANG_WARN_UNGUARDED_AVAILABILITY = YES_AGGRESSIVE;
				CLANG_WARN_UNREACHABLE_CODE = YES;
				CLANG_WARN__DUPLICATE_METHOD_MATCH = YES;
				COPY_PHASE_STRIP = NO;
				DEBUG_INFORMATION_FORMAT = "dwarf-with-dsym";
				ENABLE_NS_ASSERTIONS = NO;
				ENABLE_STRICT_OBJC_MSGSEND = YES;
				ENABLE_USER_SCRIPT_SANDBOXING = YES;
				GCC_C_LANGUAGE_STANDARD = gnu17;
				GCC_NO_COMMON_BLOCKS = YES;
				GCC_WARN_64_TO_32_BIT_CONVERSION = YES;
				GCC_WARN_ABOUT_RETURN_TYPE = YES_ERROR;
				GCC_WARN_UNDECLARED_SELECTOR = YES;
				GCC_WARN_UNINITIALIZED_AUTOS = YES_AGGRESSIVE;
				GCC_WARN_UNUSED_FUNCTION = YES;
				GCC_WARN_UNUSED_VARIABLE = YES;
				IPHONEOS_DEPLOYMENT_TARGET = 17.0;
				LOCALIZATION_PREFERS_STRING_CATALOGS = YES;
				MTL_ENABLE_DEBUG_INFO = NO;
				MTL_FAST_MATH = YES;
				SDKROOT = iphoneos;
				SWIFT_COMPILATION_MODE = wholemodule;
				VALIDATE_PRODUCT = YES;
			};
			name = Release;
		};
		27E487482B0AD81600C78273 /* Debug */ = {
			isa = XCBuildConfiguration;
			buildSettings = {
				ALWAYS_EMBED_SWIFT_STANDARD_LIBRARIES = YES;
				ASSETCATALOG_COMPILER_APPICON_NAME = AppIcon;
				ASSETCATALOG_COMPILER_GLOBAL_ACCENT_COLOR_NAME = AccentColor;
				CODE_SIGN_STYLE = Automatic;
				CURRENT_PROJECT_VERSION = 1;
				DEVELOPMENT_ASSET_PATHS = "\"Devote/Preview Content\"";
				DEVELOPMENT_TEAM = GQ64LD2VXV;
				ENABLE_PREVIEWS = YES;
				GENERATE_INFOPLIST_FILE = YES;
				INFOPLIST_FILE = Devote/Info.plist;
				INFOPLIST_KEY_UIApplicationSceneManifest_Generation = YES;
				INFOPLIST_KEY_UIApplicationSupportsIndirectInputEvents = YES;
				INFOPLIST_KEY_UISupportedInterfaceOrientations = UIInterfaceOrientationPortrait;
				INFOPLIST_KEY_UISupportedInterfaceOrientations_iPad = "UIInterfaceOrientationLandscapeLeft UIInterfaceOrientationLandscapeRight UIInterfaceOrientationPortrait UIInterfaceOrientationPortraitUpsideDown";
				LD_RUNPATH_SEARCH_PATHS = (
					"$(inherited)",
					"@executable_path/Frameworks",
				);
				MARKETING_VERSION = 1.0;
				PRODUCT_BUNDLE_IDENTIFIER = com.techvelai.Devote;
				PRODUCT_NAME = "$(TARGET_NAME)";
				SWIFT_EMIT_LOC_STRINGS = YES;
				SWIFT_VERSION = 5.0;
				TARGETED_DEVICE_FAMILY = "1,2";
			};
			name = Debug;
		};
		27E487492B0AD81600C78273 /* Release */ = {
			isa = XCBuildConfiguration;
			buildSettings = {
				ALWAYS_EMBED_SWIFT_STANDARD_LIBRARIES = YES;
				ASSETCATALOG_COMPILER_APPICON_NAME = AppIcon;
				ASSETCATALOG_COMPILER_GLOBAL_ACCENT_COLOR_NAME = AccentColor;
				CODE_SIGN_STYLE = Automatic;
				CURRENT_PROJECT_VERSION = 1;
				DEVELOPMENT_ASSET_PATHS = "\"Devote/Preview Content\"";
				DEVELOPMENT_TEAM = GQ64LD2VXV;
				ENABLE_PREVIEWS = YES;
				GENERATE_INFOPLIST_FILE = YES;
				INFOPLIST_FILE = Devote/Info.plist;
				INFOPLIST_KEY_UIApplicationSceneManifest_Generation = YES;
				INFOPLIST_KEY_UIApplicationSupportsIndirectInputEvents = YES;
				INFOPLIST_KEY_UISupportedInterfaceOrientations = UIInterfaceOrientationPortrait;
				INFOPLIST_KEY_UISupportedInterfaceOrientations_iPad = "UIInterfaceOrientationLandscapeLeft UIInterfaceOrientationLandscapeRight UIInterfaceOrientationPortrait UIInterfaceOrientationPortraitUpsideDown";
				LD_RUNPATH_SEARCH_PATHS = (
					"$(inherited)",
					"@executable_path/Frameworks",
				);
				MARKETING_VERSION = 1.0;
				PRODUCT_BUNDLE_IDENTIFIER = com.techvelai.Devote;
				PRODUCT_NAME = "$(TARGET_NAME)";
				SWIFT_EMIT_LOC_STRINGS = YES;
				SWIFT_VERSION = 5.0;
				TARGETED_DEVICE_FAMILY = "1,2";
			};
			name = Release;
		};
/* End XCBuildConfiguration section */

/* Begin XCConfigurationList section */
		27061C672B181A2D00A316CC /* Build configuration list for PBXNativeTarget "DevoteWidgetExtension" */ = {
			isa = XCConfigurationList;
			buildConfigurations = (
				27061C682B181A2D00A316CC /* Debug */,
				27061C692B181A2D00A316CC /* Release */,
			);
			defaultConfigurationIsVisible = 0;
			defaultConfigurationName = Release;
		};
		27E4872F2B0AD81500C78273 /* Build configuration list for PBXProject "Devote" */ = {
			isa = XCConfigurationList;
			buildConfigurations = (
				27E487452B0AD81600C78273 /* Debug */,
				27E487462B0AD81600C78273 /* Release */,
			);
			defaultConfigurationIsVisible = 0;
			defaultConfigurationName = Release;
		};
		27E487472B0AD81600C78273 /* Build configuration list for PBXNativeTarget "Devote" */ = {
			isa = XCConfigurationList;
			buildConfigurations = (
				27E487482B0AD81600C78273 /* Debug */,
				27E487492B0AD81600C78273 /* Release */,
			);
			defaultConfigurationIsVisible = 0;
			defaultConfigurationName = Release;
		};
/* End XCConfigurationList section */

/* Begin XCVersionGroup section */
		27E487422B0AD81600C78273 /* Devote.xcdatamodeld */ = {
			isa = XCVersionGroup;
			children = (
				27E487432B0AD81600C78273 /* Devote.xcdatamodel */,
			);
			currentVersion = 27E487432B0AD81600C78273 /* Devote.xcdatamodel */;
			path = Devote.xcdatamodeld;
			sourceTree = "<group>";
			versionGroupType = wrapper.xcdatamodel;
		};
/* End XCVersionGroup section */
	};
	rootObject = 27E4872C2B0AD81500C78273 /* Project object */;
}
