// !$*UTF8*$!
{
	archiveVersion = 1;
	classes = {
	};
	objectVersion = 56;
	objects = {

/* Begin PBXBuildFile section */
		2722CBE72A613B34002596EB /* CustomCircleView.swift in Sources */ = {isa = PBXBuildFile; fileRef = 2722CBE62A613B34002596EB /* CustomCircleView.swift */; };
		2722CBE92A61425A002596EB /* MotionAnimationView.swift in Sources */ = {isa = PBXBuildFile; fileRef = 2722CBE82A61425A002596EB /* MotionAnimationView.swift */; };
		2722CBEC2A614C0C002596EB /* SettingsView.swift in Sources */ = {isa = PBXBuildFile; fileRef = 2722CBEB2A614C0C002596EB /* SettingsView.swift */; };
		2722CBEE2A6150E7002596EB /* CustomListRowView.swift in Sources */ = {isa = PBXBuildFile; fileRef = 2722CBED2A6150E7002596EB /* CustomListRowView.swift */; };
		27DED8A92A60D0CB000CA2C1 /* HikeApp.swift in Sources */ = {isa = PBXBuildFile; fileRef = 27DED8A82A60D0CB000CA2C1 /* HikeApp.swift */; };
		27DED8AB2A60D0CB000CA2C1 /* ContentView.swift in Sources */ = {isa = PBXBuildFile; fileRef = 27DED8AA2A60D0CB000CA2C1 /* ContentView.swift */; };
		27DED8AD2A60D0CB000CA2C1 /* Assets.xcassets in Resources */ = {isa = PBXBuildFile; fileRef = 27DED8AC2A60D0CB000CA2C1 /* Assets.xcassets */; };
		27DED8B02A60D0CB000CA2C1 /* Preview Assets.xcassets in Resources */ = {isa = PBXBuildFile; fileRef = 27DED8AF2A60D0CB000CA2C1 /* Preview Assets.xcassets */; };
		27DED8BA2A60D0CB000CA2C1 /* HikeTests.swift in Sources */ = {isa = PBXBuildFile; fileRef = 27DED8B92A60D0CB000CA2C1 /* HikeTests.swift */; };
		27DED8C42A60D0CB000CA2C1 /* HikeUITests.swift in Sources */ = {isa = PBXBuildFile; fileRef = 27DED8C32A60D0CB000CA2C1 /* HikeUITests.swift */; };
		27DED8C62A60D0CB000CA2C1 /* HikeUITestsLaunchTests.swift in Sources */ = {isa = PBXBuildFile; fileRef = 27DED8C52A60D0CB000CA2C1 /* HikeUITestsLaunchTests.swift */; };
		27DED8D52A60D164000CA2C1 /* ColorExtension.swift in Sources */ = {isa = PBXBuildFile; fileRef = 27DED8D42A60D164000CA2C1 /* ColorExtension.swift */; };
		27DED8D72A60D215000CA2C1 /* GradientButtonStyle.swift in Sources */ = {isa = PBXBuildFile; fileRef = 27DED8D62A60D215000CA2C1 /* GradientButtonStyle.swift */; };
		27DED8D92A60D31C000CA2C1 /* CardView.swift in Sources */ = {isa = PBXBuildFile; fileRef = 27DED8D82A60D31C000CA2C1 /* CardView.swift */; };
		27DED8DB2A60D3EB000CA2C1 /* CustomBackgroundView.swift in Sources */ = {isa = PBXBuildFile; fileRef = 27DED8DA2A60D3EB000CA2C1 /* CustomBackgroundView.swift */; };
		27DED8DD2A60D56F000CA2C1 /* CustomButtonView.swift in Sources */ = {isa = PBXBuildFile; fileRef = 27DED8DC2A60D56F000CA2C1 /* CustomButtonView.swift */; };
/* End PBXBuildFile section */

/* Begin PBXContainerItemProxy section */
		27DED8B62A60D0CB000CA2C1 /* PBXContainerItemProxy */ = {
			isa = PBXContainerItemProxy;
			containerPortal = 27DED89D2A60D0CB000CA2C1 /* Project object */;
			proxyType = 1;
			remoteGlobalIDString = 27DED8A42A60D0CB000CA2C1;
			remoteInfo = Hike;
		};
		27DED8C02A60D0CB000CA2C1 /* PBXContainerItemProxy */ = {
			isa = PBXContainerItemProxy;
			containerPortal = 27DED89D2A60D0CB000CA2C1 /* Project object */;
			proxyType = 1;
			remoteGlobalIDString = 27DED8A42A60D0CB000CA2C1;
			remoteInfo = Hike;
		};
/* End PBXContainerItemProxy section */

/* Begin PBXFileReference section */
		2722CBE62A613B34002596EB /* CustomCircleView.swift */ = {isa = PBXFileReference; lastKnownFileType = sourcecode.swift; path = CustomCircleView.swift; sourceTree = "<group>"; };
		2722CBE82A61425A002596EB /* MotionAnimationView.swift */ = {isa = PBXFileReference; lastKnownFileType = sourcecode.swift; path = MotionAnimationView.swift; sourceTree = "<group>"; };
		2722CBEB2A614C0C002596EB /* SettingsView.swift */ = {isa = PBXFileReference; lastKnownFileType = sourcecode.swift; path = SettingsView.swift; sourceTree = "<group>"; };
		2722CBED2A6150E7002596EB /* CustomListRowView.swift */ = {isa = PBXFileReference; lastKnownFileType = sourcecode.swift; path = CustomListRowView.swift; sourceTree = "<group>"; };
		27DED8A52A60D0CB000CA2C1 /* Hike.app */ = {isa = PBXFileReference; explicitFileType = wrapper.application; includeInIndex = 0; path = Hike.app; sourceTree = BUILT_PRODUCTS_DIR; };
		27DED8A82A60D0CB000CA2C1 /* HikeApp.swift */ = {isa = PBXFileReference; lastKnownFileType = sourcecode.swift; path = HikeApp.swift; sourceTree = "<group>"; };
		27DED8AA2A60D0CB000CA2C1 /* ContentView.swift */ = {isa = PBXFileReference; lastKnownFileType = sourcecode.swift; path = ContentView.swift; sourceTree = "<group>"; };
		27DED8AC2A60D0CB000CA2C1 /* Assets.xcassets */ = {isa = PBXFileReference; lastKnownFileType = folder.assetcatalog; path = Assets.xcassets; sourceTree = "<group>"; };
		27DED8AF2A60D0CB000CA2C1 /* Preview Assets.xcassets */ = {isa = PBXFileReference; lastKnownFileType = folder.assetcatalog; path = "Preview Assets.xcassets"; sourceTree = "<group>"; };
		27DED8B52A60D0CB000CA2C1 /* HikeTests.xctest */ = {isa = PBXFileReference; explicitFileType = wrapper.cfbundle; includeInIndex = 0; path = HikeTests.xctest; sourceTree = BUILT_PRODUCTS_DIR; };
		27DED8B92A60D0CB000CA2C1 /* HikeTests.swift */ = {isa = PBXFileReference; lastKnownFileType = sourcecode.swift; path = HikeTests.swift; sourceTree = "<group>"; };
		27DED8BF2A60D0CB000CA2C1 /* HikeUITests.xctest */ = {isa = PBXFileReference; explicitFileType = wrapper.cfbundle; includeInIndex = 0; path = HikeUITests.xctest; sourceTree = BUILT_PRODUCTS_DIR; };
		27DED8C32A60D0CB000CA2C1 /* HikeUITests.swift */ = {isa = PBXFileReference; lastKnownFileType = sourcecode.swift; path = HikeUITests.swift; sourceTree = "<group>"; };
		27DED8C52A60D0CB000CA2C1 /* HikeUITestsLaunchTests.swift */ = {isa = PBXFileReference; lastKnownFileType = sourcecode.swift; path = HikeUITestsLaunchTests.swift; sourceTree = "<group>"; };
		27DED8D42A60D164000CA2C1 /* ColorExtension.swift */ = {isa = PBXFileReference; lastKnownFileType = sourcecode.swift; path = ColorExtension.swift; sourceTree = "<group>"; };
		27DED8D62A60D215000CA2C1 /* GradientButtonStyle.swift */ = {isa = PBXFileReference; lastKnownFileType = sourcecode.swift; path = GradientButtonStyle.swift; sourceTree = "<group>"; };
		27DED8D82A60D31C000CA2C1 /* CardView.swift */ = {isa = PBXFileReference; lastKnownFileType = sourcecode.swift; path = CardView.swift; sourceTree = "<group>"; };
		27DED8DA2A60D3EB000CA2C1 /* CustomBackgroundView.swift */ = {isa = PBXFileReference; lastKnownFileType = sourcecode.swift; path = CustomBackgroundView.swift; sourceTree = "<group>"; };
		27DED8DC2A60D56F000CA2C1 /* CustomButtonView.swift */ = {isa = PBXFileReference; lastKnownFileType = sourcecode.swift; path = CustomButtonView.swift; sourceTree = "<group>"; };
/* End PBXFileReference section */

/* Begin PBXFrameworksBuildPhase section */
		27DED8A22A60D0CB000CA2C1 /* Frameworks */ = {
			isa = PBXFrameworksBuildPhase;
			buildActionMask = 2147483647;
			files = (
			);
			runOnlyForDeploymentPostprocessing = 0;
		};
		27DED8B22A60D0CB000CA2C1 /* Frameworks */ = {
			isa = PBXFrameworksBuildPhase;
			buildActionMask = 2147483647;
			files = (
			);
			runOnlyForDeploymentPostprocessing = 0;
		};
		27DED8BC2A60D0CB000CA2C1 /* Frameworks */ = {
			isa = PBXFrameworksBuildPhase;
			buildActionMask = 2147483647;
			files = (
			);
			runOnlyForDeploymentPostprocessing = 0;
		};
/* End PBXFrameworksBuildPhase section */

/* Begin PBXGroup section */
		2722CBEA2A614BF5002596EB /* Screen */ = {
			isa = PBXGroup;
			children = (
				27DED8AA2A60D0CB000CA2C1 /* ContentView.swift */,
				2722CBEB2A614C0C002596EB /* SettingsView.swift */,
			);
			path = Screen;
			sourceTree = "<group>";
		};
		27DED89C2A60D0CB000CA2C1 = {
			isa = PBXGroup;
			children = (
				27DED8A72A60D0CB000CA2C1 /* Hike */,
				27DED8B82A60D0CB000CA2C1 /* HikeTests */,
				27DED8C22A60D0CB000CA2C1 /* HikeUITests */,
				27DED8A62A60D0CB000CA2C1 /* Products */,
			);
			sourceTree = "<group>";
		};
		27DED8A62A60D0CB000CA2C1 /* Products */ = {
			isa = PBXGroup;
			children = (
				27DED8A52A60D0CB000CA2C1 /* Hike.app */,
				27DED8B52A60D0CB000CA2C1 /* HikeTests.xctest */,
				27DED8BF2A60D0CB000CA2C1 /* HikeUITests.xctest */,
			);
			name = Products;
			sourceTree = "<group>";
		};
		27DED8A72A60D0CB000CA2C1 /* Hike */ = {
			isa = PBXGroup;
			children = (
				2722CBEA2A614BF5002596EB /* Screen */,
				27DED8D32A60D14A000CA2C1 /* Utility */,
				27DED8D22A60D13E000CA2C1 /* Component */,
				27DED8A82A60D0CB000CA2C1 /* HikeApp.swift */,
				27DED8AC2A60D0CB000CA2C1 /* Assets.xcassets */,
				27DED8AE2A60D0CB000CA2C1 /* Preview Content */,
			);
			path = Hike;
			sourceTree = "<group>";
		};
		27DED8AE2A60D0CB000CA2C1 /* Preview Content */ = {
			isa = PBXGroup;
			children = (
				27DED8AF2A60D0CB000CA2C1 /* Preview Assets.xcassets */,
			);
			path = "Preview Content";
			sourceTree = "<group>";
		};
		27DED8B82A60D0CB000CA2C1 /* HikeTests */ = {
			isa = PBXGroup;
			children = (
				27DED8B92A60D0CB000CA2C1 /* HikeTests.swift */,
			);
			path = HikeTests;
			sourceTree = "<group>";
		};
		27DED8C22A60D0CB000CA2C1 /* HikeUITests */ = {
			isa = PBXGroup;
			children = (
				27DED8C32A60D0CB000CA2C1 /* HikeUITests.swift */,
				27DED8C52A60D0CB000CA2C1 /* HikeUITestsLaunchTests.swift */,
			);
			path = HikeUITests;
			sourceTree = "<group>";
		};
		27DED8D22A60D13E000CA2C1 /* Component */ = {
			isa = PBXGroup;
			children = (
				27DED8D82A60D31C000CA2C1 /* CardView.swift */,
				27DED8DA2A60D3EB000CA2C1 /* CustomBackgroundView.swift */,
				27DED8DC2A60D56F000CA2C1 /* CustomButtonView.swift */,
				2722CBE62A613B34002596EB /* CustomCircleView.swift */,
				2722CBE82A61425A002596EB /* MotionAnimationView.swift */,
				2722CBED2A6150E7002596EB /* CustomListRowView.swift */,
			);
			path = Component;
			sourceTree = "<group>";
		};
		27DED8D32A60D14A000CA2C1 /* Utility */ = {
			isa = PBXGroup;
			children = (
				27DED8D42A60D164000CA2C1 /* ColorExtension.swift */,
				27DED8D62A60D215000CA2C1 /* GradientButtonStyle.swift */,
			);
			path = Utility;
			sourceTree = "<group>";
		};
/* End PBXGroup section */

/* Begin PBXNativeTarget section */
		27DED8A42A60D0CB000CA2C1 /* Hike */ = {
			isa = PBXNativeTarget;
			buildConfigurationList = 27DED8C92A60D0CB000CA2C1 /* Build configuration list for PBXNativeTarget "Hike" */;
			buildPhases = (
				27DED8A12A60D0CB000CA2C1 /* Sources */,
				27DED8A22A60D0CB000CA2C1 /* Frameworks */,
				27DED8A32A60D0CB000CA2C1 /* Resources */,
			);
			buildRules = (
			);
			dependencies = (
			);
			name = Hike;
			productName = Hike;
			productReference = 27DED8A52A60D0CB000CA2C1 /* Hike.app */;
			productType = "com.apple.product-type.application";
		};
		27DED8B42A60D0CB000CA2C1 /* HikeTests */ = {
			isa = PBXNativeTarget;
			buildConfigurationList = 27DED8CC2A60D0CB000CA2C1 /* Build configuration list for PBXNativeTarget "HikeTests" */;
			buildPhases = (
				27DED8B12A60D0CB000CA2C1 /* Sources */,
				27DED8B22A60D0CB000CA2C1 /* Frameworks */,
				27DED8B32A60D0CB000CA2C1 /* Resources */,
			);
			buildRules = (
			);
			dependencies = (
				27DED8B72A60D0CB000CA2C1 /* PBXTargetDependency */,
			);
			name = HikeTests;
			productName = HikeTests;
			productReference = 27DED8B52A60D0CB000CA2C1 /* HikeTests.xctest */;
			productType = "com.apple.product-type.bundle.unit-test";
		};
		27DED8BE2A60D0CB000CA2C1 /* HikeUITests */ = {
			isa = PBXNativeTarget;
			buildConfigurationList = 27DED8CF2A60D0CB000CA2C1 /* Build configuration list for PBXNativeTarget "HikeUITests" */;
			buildPhases = (
				27DED8BB2A60D0CB000CA2C1 /* Sources */,
				27DED8BC2A60D0CB000CA2C1 /* Frameworks */,
				27DED8BD2A60D0CB000CA2C1 /* Resources */,
			);
			buildRules = (
			);
			dependencies = (
				27DED8C12A60D0CB000CA2C1 /* PBXTargetDependency */,
			);
			name = HikeUITests;
			productName = HikeUITests;
			productReference = 27DED8BF2A60D0CB000CA2C1 /* HikeUITests.xctest */;
			productType = "com.apple.product-type.bundle.ui-testing";
		};
/* End PBXNativeTarget section */

/* Begin PBXProject section */
		27DED89D2A60D0CB000CA2C1 /* Project object */ = {
			isa = PBXProject;
			attributes = {
				BuildIndependentTargetsInParallel = 1;
				LastSwiftUpdateCheck = 1430;
				LastUpgradeCheck = 1430;
				TargetAttributes = {
					27DED8A42A60D0CB000CA2C1 = {
						CreatedOnToolsVersion = 14.3.1;
					};
					27DED8B42A60D0CB000CA2C1 = {
						CreatedOnToolsVersion = 14.3.1;
						TestTargetID = 27DED8A42A60D0CB000CA2C1;
					};
					27DED8BE2A60D0CB000CA2C1 = {
						CreatedOnToolsVersion = 14.3.1;
						TestTargetID = 27DED8A42A60D0CB000CA2C1;
					};
				};
			};
			buildConfigurationList = 27DED8A02A60D0CB000CA2C1 /* Build configuration list for PBXProject "Hike" */;
			compatibilityVersion = "Xcode 14.0";
			developmentRegion = en;
			hasScannedForEncodings = 0;
			knownRegions = (
				en,
				Base,
			);
			mainGroup = 27DED89C2A60D0CB000CA2C1;
			productRefGroup = 27DED8A62A60D0CB000CA2C1 /* Products */;
			projectDirPath = "";
			projectRoot = "";
			targets = (
				27DED8A42A60D0CB000CA2C1 /* Hike */,
				27DED8B42A60D0CB000CA2C1 /* HikeTests */,
				27DED8BE2A60D0CB000CA2C1 /* HikeUITests */,
			);
		};
/* End PBXProject section */

/* Begin PBXResourcesBuildPhase section */
		27DED8A32A60D0CB000CA2C1 /* Resources */ = {
			isa = PBXResourcesBuildPhase;
			buildActionMask = 2147483647;
			files = (
				27DED8B02A60D0CB000CA2C1 /* Preview Assets.xcassets in Resources */,
				27DED8AD2A60D0CB000CA2C1 /* Assets.xcassets in Resources */,
			);
			runOnlyForDeploymentPostprocessing = 0;
		};
		27DED8B32A60D0CB000CA2C1 /* Resources */ = {
			isa = PBXResourcesBuildPhase;
			buildActionMask = 2147483647;
			files = (
			);
			runOnlyForDeploymentPostprocessing = 0;
		};
		27DED8BD2A60D0CB000CA2C1 /* Resources */ = {
			isa = PBXResourcesBuildPhase;
			buildActionMask = 2147483647;
			files = (
			);
			runOnlyForDeploymentPostprocessing = 0;
		};
/* End PBXResourcesBuildPhase section */

/* Begin PBXSourcesBuildPhase section */
		27DED8A12A60D0CB000CA2C1 /* Sources */ = {
			isa = PBXSourcesBuildPhase;
			buildActionMask = 2147483647;
			files = (
				27DED8DD2A60D56F000CA2C1 /* CustomButtonView.swift in Sources */,
				2722CBE72A613B34002596EB /* CustomCircleView.swift in Sources */,
				2722CBEE2A6150E7002596EB /* CustomListRowView.swift in Sources */,
				27DED8D52A60D164000CA2C1 /* ColorExtension.swift in Sources */,
				27DED8AB2A60D0CB000CA2C1 /* ContentView.swift in Sources */,
				27DED8A92A60D0CB000CA2C1 /* HikeApp.swift in Sources */,
				2722CBEC2A614C0C002596EB /* SettingsView.swift in Sources */,
				27DED8DB2A60D3EB000CA2C1 /* CustomBackgroundView.swift in Sources */,
				2722CBE92A61425A002596EB /* MotionAnimationView.swift in Sources */,
				27DED8D72A60D215000CA2C1 /* GradientButtonStyle.swift in Sources */,
				27DED8D92A60D31C000CA2C1 /* CardView.swift in Sources */,
			);
			runOnlyForDeploymentPostprocessing = 0;
		};
		27DED8B12A60D0CB000CA2C1 /* Sources */ = {
			isa = PBXSourcesBuildPhase;
			buildActionMask = 2147483647;
			files = (
				27DED8BA2A60D0CB000CA2C1 /* HikeTests.swift in Sources */,
			);
			runOnlyForDeploymentPostprocessing = 0;
		};
		27DED8BB2A60D0CB000CA2C1 /* Sources */ = {
			isa = PBXSourcesBuildPhase;
			buildActionMask = 2147483647;
			files = (
				27DED8C42A60D0CB000CA2C1 /* HikeUITests.swift in Sources */,
				27DED8C62A60D0CB000CA2C1 /* HikeUITestsLaunchTests.swift in Sources */,
			);
			runOnlyForDeploymentPostprocessing = 0;
		};
/* End PBXSourcesBuildPhase section */

/* Begin PBXTargetDependency section */
		27DED8B72A60D0CB000CA2C1 /* PBXTargetDependency */ = {
			isa = PBXTargetDependency;
			target = 27DED8A42A60D0CB000CA2C1 /* Hike */;
			targetProxy = 27DED8B62A60D0CB000CA2C1 /* PBXContainerItemProxy */;
		};
		27DED8C12A60D0CB000CA2C1 /* PBXTargetDependency */ = {
			isa = PBXTargetDependency;
			target = 27DED8A42A60D0CB000CA2C1 /* Hike */;
			targetProxy = 27DED8C02A60D0CB000CA2C1 /* PBXContainerItemProxy */;
		};
/* End PBXTargetDependency section */

/* Begin XCBuildConfiguration section */
		27DED8C72A60D0CB000CA2C1 /* Debug */ = {
			isa = XCBuildConfiguration;
			buildSettings = {
				ALWAYS_SEARCH_USER_PATHS = NO;
				CLANG_ANALYZER_NONNULL = YES;
				CLANG_ANALYZER_NUMBER_OBJECT_CONVERSION = YES_AGGRESSIVE;
				CLANG_CXX_LANGUAGE_STANDARD = "gnu++20";
				CLANG_ENABLE_MODULES = YES;
				CLANG_ENABLE_OBJC_ARC = YES;
				CLANG_ENABLE_OBJC_WEAK = YES;
				CLANG_WARN_BLOCK_CAPTURE_AUTORELEASING = YES;
				CLANG_WARN_BOOL_CONVERSION = YES;
				CLANG_WARN_COMMA = YES;
				CLANG_WARN_CONSTANT_CONVERSION = YES;
				CLANG_WARN_DEPRECATED_OBJC_IMPLEMENTATIONS = YES;
				CLANG_WARN_DIRECT_OBJC_ISA_USAGE = YES_ERROR;
				CLANG_WARN_DOCUMENTATION_COMMENTS = YES;
				CLANG_WARN_EMPTY_BODY = YES;
				CLANG_WARN_ENUM_CONVERSION = YES;
				CLANG_WARN_INFINITE_RECURSION = YES;
				CLANG_WARN_INT_CONVERSION = YES;
				CLANG_WARN_NON_LITERAL_NULL_CONVERSION = YES;
				CLANG_WARN_OBJC_IMPLICIT_RETAIN_SELF = YES;
				CLANG_WARN_OBJC_LITERAL_CONVERSION = YES;
				CLANG_WARN_OBJC_ROOT_CLASS = YES_ERROR;
				CLANG_WARN_QUOTED_INCLUDE_IN_FRAMEWORK_HEADER = YES;
				CLANG_WARN_RANGE_LOOP_ANALYSIS = YES;
				CLANG_WARN_STRICT_PROTOTYPES = YES;
				CLANG_WARN_SUSPICIOUS_MOVE = YES;
				CLANG_WARN_UNGUARDED_AVAILABILITY = YES_AGGRESSIVE;
				CLANG_WARN_UNREACHABLE_CODE = YES;
				CLANG_WARN__DUPLICATE_METHOD_MATCH = YES;
				COPY_PHASE_STRIP = NO;
				DEBUG_INFORMATION_FORMAT = dwarf;
				ENABLE_STRICT_OBJC_MSGSEND = YES;
				ENABLE_TESTABILITY = YES;
				GCC_C_LANGUAGE_STANDARD = gnu11;
				GCC_DYNAMIC_NO_PIC = NO;
				GCC_NO_COMMON_BLOCKS = YES;
				GCC_OPTIMIZATION_LEVEL = 0;
				GCC_PREPROCESSOR_DEFINITIONS = (
					"DEBUG=1",
					"$(inherited)",
				);
				GCC_WARN_64_TO_32_BIT_CONVERSION = YES;
				GCC_WARN_ABOUT_RETURN_TYPE = YES_ERROR;
				GCC_WARN_UNDECLARED_SELECTOR = YES;
				GCC_WARN_UNINITIALIZED_AUTOS = YES_AGGRESSIVE;
				GCC_WARN_UNUSED_FUNCTION = YES;
				GCC_WARN_UNUSED_VARIABLE = YES;
				IPHONEOS_DEPLOYMENT_TARGET = 16.4;
				MTL_ENABLE_DEBUG_INFO = INCLUDE_SOURCE;
				MTL_FAST_MATH = YES;
				ONLY_ACTIVE_ARCH = YES;
				SDKROOT = iphoneos;
				SWIFT_ACTIVE_COMPILATION_CONDITIONS = DEBUG;
				SWIFT_OPTIMIZATION_LEVEL = "-Onone";
			};
			name = Debug;
		};
		27DED8C82A60D0CB000CA2C1 /* Release */ = {
			isa = XCBuildConfiguration;
			buildSettings = {
				ALWAYS_SEARCH_USER_PATHS = NO;
				CLANG_ANALYZER_NONNULL = YES;
				CLANG_ANALYZER_NUMBER_OBJECT_CONVERSION = YES_AGGRESSIVE;
				CLANG_CXX_LANGUAGE_STANDARD = "gnu++20";
				CLANG_ENABLE_MODULES = YES;
				CLANG_ENABLE_OBJC_ARC = YES;
				CLANG_ENABLE_OBJC_WEAK = YES;
				CLANG_WARN_BLOCK_CAPTURE_AUTORELEASING = YES;
				CLANG_WARN_BOOL_CONVERSION = YES;
				CLANG_WARN_COMMA = YES;
				CLANG_WARN_CONSTANT_CONVERSION = YES;
				CLANG_WARN_DEPRECATED_OBJC_IMPLEMENTATIONS = YES;
				CLANG_WARN_DIRECT_OBJC_ISA_USAGE = YES_ERROR;
				CLANG_WARN_DOCUMENTATION_COMMENTS = YES;
				CLANG_WARN_EMPTY_BODY = YES;
				CLANG_WARN_ENUM_CONVERSION = YES;
				CLANG_WARN_INFINITE_RECURSION = YES;
				CLANG_WARN_INT_CONVERSION = YES;
				CLANG_WARN_NON_LITERAL_NULL_CONVERSION = YES;
				CLANG_WARN_OBJC_IMPLICIT_RETAIN_SELF = YES;
				CLANG_WARN_OBJC_LITERAL_CONVERSION = YES;
				CLANG_WARN_OBJC_ROOT_CLASS = YES_ERROR;
				CLANG_WARN_QUOTED_INCLUDE_IN_FRAMEWORK_HEADER = YES;
				CLANG_WARN_RANGE_LOOP_ANALYSIS = YES;
				CLANG_WARN_STRICT_PROTOTYPES = YES;
				CLANG_WARN_SUSPICIOUS_MOVE = YES;
				CLANG_WARN_UNGUARDED_AVAILABILITY = YES_AGGRESSIVE;
				CLANG_WARN_UNREACHABLE_CODE = YES;
				CLANG_WARN__DUPLICATE_METHOD_MATCH = YES;
				COPY_PHASE_STRIP = NO;
				DEBUG_INFORMATION_FORMAT = "dwarf-with-dsym";
				ENABLE_NS_ASSERTIONS = NO;
				ENABLE_STRICT_OBJC_MSGSEND = YES;
				GCC_C_LANGUAGE_STANDARD = gnu11;
				GCC_NO_COMMON_BLOCKS = YES;
				GCC_WARN_64_TO_32_BIT_CONVERSION = YES;
				GCC_WARN_ABOUT_RETURN_TYPE = YES_ERROR;
				GCC_WARN_UNDECLARED_SELECTOR = YES;
				GCC_WARN_UNINITIALIZED_AUTOS = YES_AGGRESSIVE;
				GCC_WARN_UNUSED_FUNCTION = YES;
				GCC_WARN_UNUSED_VARIABLE = YES;
				IPHONEOS_DEPLOYMENT_TARGET = 16.4;
				MTL_ENABLE_DEBUG_INFO = NO;
				MTL_FAST_MATH = YES;
				SDKROOT = iphoneos;
				SWIFT_COMPILATION_MODE = wholemodule;
				SWIFT_OPTIMIZATION_LEVEL = "-O";
				VALIDATE_PRODUCT = YES;
			};
			name = Release;
		};
		27DED8CA2A60D0CB000CA2C1 /* Debug */ = {
			isa = XCBuildConfiguration;
			buildSettings = {
				ASSETCATALOG_COMPILER_ALTERNATE_APPICON_NAMES = "AppIcon-MagnifyingGlass AppIcon-Map AppIcon-Mushroom AppIcon-Camera AppIcon-Backpack AppIcon-Campfire";
				ASSETCATALOG_COMPILER_APPICON_NAME = AppIcon;
				ASSETCATALOG_COMPILER_GLOBAL_ACCENT_COLOR_NAME = AccentColor;
				ASSETCATALOG_COMPILER_INCLUDE_ALL_APPICON_ASSETS = YES;
				CODE_SIGN_STYLE = Automatic;
				CURRENT_PROJECT_VERSION = 1;
				DEVELOPMENT_ASSET_PATHS = "\"Hike/Preview Content\"";
				ENABLE_PREVIEWS = YES;
				GENERATE_INFOPLIST_FILE = YES;
				INFOPLIST_KEY_UIApplicationSceneManifest_Generation = YES;
				INFOPLIST_KEY_UIApplicationSupportsIndirectInputEvents = YES;
				INFOPLIST_KEY_UILaunchScreen_Generation = YES;
				INFOPLIST_KEY_UISupportedInterfaceOrientations_iPad = "UIInterfaceOrientationPortrait UIInterfaceOrientationPortraitUpsideDown UIInterfaceOrientationLandscapeLeft UIInterfaceOrientationLandscapeRight";
				INFOPLIST_KEY_UISupportedInterfaceOrientations_iPhone = "UIInterfaceOrientationPortrait UIInterfaceOrientationLandscapeLeft UIInterfaceOrientationLandscapeRight";
				LD_RUNPATH_SEARCH_PATHS = (
					"$(inherited)",
					"@executable_path/Frameworks",
				);
				MARKETING_VERSION = 1.0;
				PRODUCT_BUNDLE_IDENTIFIER = com.techvelai.Hike;
				PRODUCT_NAME = "$(TARGET_NAME)";
				SWIFT_EMIT_LOC_STRINGS = YES;
				SWIFT_VERSION = 5.0;
				TARGETED_DEVICE_FAMILY = "1,2";
			};
			name = Debug;
		};
		27DED8CB2A60D0CB000CA2C1 /* Release */ = {
			isa = XCBuildConfiguration;
			buildSettings = {
				ASSETCATALOG_COMPILER_ALTERNATE_APPICON_NAMES = "AppIcon-MagnifyingGlass AppIcon-Map AppIcon-Mushroom AppIcon-Camera AppIcon-Backpack AppIcon-Campfire";
				ASSETCATALOG_COMPILER_APPICON_NAME = AppIcon;
				ASSETCATALOG_COMPILER_GLOBAL_ACCENT_COLOR_NAME = AccentColor;
				ASSETCATALOG_COMPILER_INCLUDE_ALL_APPICON_ASSETS = YES;
				CODE_SIGN_STYLE = Automatic;
				CURRENT_PROJECT_VERSION = 1;
				DEVELOPMENT_ASSET_PATHS = "\"Hike/Preview Content\"";
				ENABLE_PREVIEWS = YES;
				GENERATE_INFOPLIST_FILE = YES;
				INFOPLIST_KEY_UIApplicationSceneManifest_Generation = YES;
				INFOPLIST_KEY_UIApplicationSupportsIndirectInputEvents = YES;
				INFOPLIST_KEY_UILaunchScreen_Generation = YES;
				INFOPLIST_KEY_UISupportedInterfaceOrientations_iPad = "UIInterfaceOrientationPortrait UIInterfaceOrientationPortraitUpsideDown UIInterfaceOrientationLandscapeLeft UIInterfaceOrientationLandscapeRight";
				INFOPLIST_KEY_UISupportedInterfaceOrientations_iPhone = "UIInterfaceOrientationPortrait UIInterfaceOrientationLandscapeLeft UIInterfaceOrientationLandscapeRight";
				LD_RUNPATH_SEARCH_PATHS = (
					"$(inherited)",
					"@executable_path/Frameworks",
				);
				MARKETING_VERSION = 1.0;
				PRODUCT_BUNDLE_IDENTIFIER = com.techvelai.Hike;
				PRODUCT_NAME = "$(TARGET_NAME)";
				SWIFT_EMIT_LOC_STRINGS = YES;
				SWIFT_VERSION = 5.0;
				TARGETED_DEVICE_FAMILY = "1,2";
			};
			name = Release;
		};
		27DED8CD2A60D0CB000CA2C1 /* Debug */ = {
			isa = XCBuildConfiguration;
			buildSettings = {
				ALWAYS_EMBED_SWIFT_STANDARD_LIBRARIES = YES;
				BUNDLE_LOADER = "$(TEST_HOST)";
				CODE_SIGN_STYLE = Automatic;
				CURRENT_PROJECT_VERSION = 1;
				GENERATE_INFOPLIST_FILE = YES;
				IPHONEOS_DEPLOYMENT_TARGET = 16.4;
				MARKETING_VERSION = 1.0;
				PRODUCT_BUNDLE_IDENTIFIER = com.techvelai.HikeTests;
				PRODUCT_NAME = "$(TARGET_NAME)";
				SWIFT_EMIT_LOC_STRINGS = NO;
				SWIFT_VERSION = 5.0;
				TARGETED_DEVICE_FAMILY = "1,2";
				TEST_HOST = "$(BUILT_PRODUCTS_DIR)/Hike.app/$(BUNDLE_EXECUTABLE_FOLDER_PATH)/Hike";
			};
			name = Debug;
		};
		27DED8CE2A60D0CB000CA2C1 /* Release */ = {
			isa = XCBuildConfiguration;
			buildSettings = {
				ALWAYS_EMBED_SWIFT_STANDARD_LIBRARIES = YES;
				BUNDLE_LOADER = "$(TEST_HOST)";
				CODE_SIGN_STYLE = Automatic;
				CURRENT_PROJECT_VERSION = 1;
				GENERATE_INFOPLIST_FILE = YES;
				IPHONEOS_DEPLOYMENT_TARGET = 16.4;
				MARKETING_VERSION = 1.0;
				PRODUCT_BUNDLE_IDENTIFIER = com.techvelai.HikeTests;
				PRODUCT_NAME = "$(TARGET_NAME)";
				SWIFT_EMIT_LOC_STRINGS = NO;
				SWIFT_VERSION = 5.0;
				TARGETED_DEVICE_FAMILY = "1,2";
				TEST_HOST = "$(BUILT_PRODUCTS_DIR)/Hike.app/$(BUNDLE_EXECUTABLE_FOLDER_PATH)/Hike";
			};
			name = Release;
		};
		27DED8D02A60D0CB000CA2C1 /* Debug */ = {
			isa = XCBuildConfiguration;
			buildSettings = {
				ALWAYS_EMBED_SWIFT_STANDARD_LIBRARIES = YES;
				CODE_SIGN_STYLE = Automatic;
				CURRENT_PROJECT_VERSION = 1;
				GENERATE_INFOPLIST_FILE = YES;
				MARKETING_VERSION = 1.0;
				PRODUCT_BUNDLE_IDENTIFIER = com.techvelai.HikeUITests;
				PRODUCT_NAME = "$(TARGET_NAME)";
				SWIFT_EMIT_LOC_STRINGS = NO;
				SWIFT_VERSION = 5.0;
				TARGETED_DEVICE_FAMILY = "1,2";
				TEST_TARGET_NAME = Hike;
			};
			name = Debug;
		};
		27DED8D12A60D0CB000CA2C1 /* Release */ = {
			isa = XCBuildConfiguration;
			buildSettings = {
				ALWAYS_EMBED_SWIFT_STANDARD_LIBRARIES = YES;
				CODE_SIGN_STYLE = Automatic;
				CURRENT_PROJECT_VERSION = 1;
				GENERATE_INFOPLIST_FILE = YES;
				MARKETING_VERSION = 1.0;
				PRODUCT_BUNDLE_IDENTIFIER = com.techvelai.HikeUITests;
				PRODUCT_NAME = "$(TARGET_NAME)";
				SWIFT_EMIT_LOC_STRINGS = NO;
				SWIFT_VERSION = 5.0;
				TARGETED_DEVICE_FAMILY = "1,2";
				TEST_TARGET_NAME = Hike;
			};
			name = Release;
		};
/* End XCBuildConfiguration section */

/* Begin XCConfigurationList section */
		27DED8A02A60D0CB000CA2C1 /* Build configuration list for PBXProject "Hike" */ = {
			isa = XCConfigurationList;
			buildConfigurations = (
				27DED8C72A60D0CB000CA2C1 /* Debug */,
				27DED8C82A60D0CB000CA2C1 /* Release */,
			);
			defaultConfigurationIsVisible = 0;
			defaultConfigurationName = Release;
		};
		27DED8C92A60D0CB000CA2C1 /* Build configuration list for PBXNativeTarget "Hike" */ = {
			isa = XCConfigurationList;
			buildConfigurations = (
				27DED8CA2A60D0CB000CA2C1 /* Debug */,
				27DED8CB2A60D0CB000CA2C1 /* Release */,
			);
			defaultConfigurationIsVisible = 0;
			defaultConfigurationName = Release;
		};
		27DED8CC2A60D0CB000CA2C1 /* Build configuration list for PBXNativeTarget "HikeTests" */ = {
			isa = XCConfigurationList;
			buildConfigurations = (
				27DED8CD2A60D0CB000CA2C1 /* Debug */,
				27DED8CE2A60D0CB000CA2C1 /* Release */,
			);
			defaultConfigurationIsVisible = 0;
			defaultConfigurationName = Release;
		};
		27DED8CF2A60D0CB000CA2C1 /* Build configuration list for PBXNativeTarget "HikeUITests" */ = {
			isa = XCConfigurationList;
			buildConfigurations = (
				27DED8D02A60D0CB000CA2C1 /* Debug */,
				27DED8D12A60D0CB000CA2C1 /* Release */,
			);
			defaultConfigurationIsVisible = 0;
			defaultConfigurationName = Release;
		};
/* End XCConfigurationList section */
	};
	rootObject = 27DED89D2A60D0CB000CA2C1 /* Project object */;
}
