// !$*UTF8*$!
{
	archiveVersion = 1;
	classes = {
	};
	objectVersion = 56;
	objects = {

/* Begin PBXBuildFile section */
		270598DB2AF470D700D99F9B /* AppDelegate.swift in Sources */ = {isa = PBXBuildFile; fileRef = 270598DA2AF470D700D99F9B /* AppDelegate.swift */; };
		270598DD2AF470D700D99F9B /* SceneDelegate.swift in Sources */ = {isa = PBXBuildFile; fileRef = 270598DC2AF470D700D99F9B /* SceneDelegate.swift */; };
		270598E22AF470D700D99F9B /* Main.storyboard in Resources */ = {isa = PBXBuildFile; fileRef = 270598E02AF470D700D99F9B /* Main.storyboard */; };
		270598E42AF470D800D99F9B /* Assets.xcassets in Resources */ = {isa = PBXBuildFile; fileRef = 270598E32AF470D800D99F9B /* Assets.xcassets */; };
		270598E72AF470D800D99F9B /* LaunchScreen.storyboard in Resources */ = {isa = PBXBuildFile; fileRef = 270598E52AF470D800D99F9B /* LaunchScreen.storyboard */; };
		270598F02AF4719200D99F9B /* OrdersListViewController.swift in Sources */ = {isa = PBXBuildFile; fileRef = 270598EF2AF4719200D99F9B /* OrdersListViewController.swift */; };
		270598F22AF471AF00D99F9B /* AddOrderViewController.swift in Sources */ = {isa = PBXBuildFile; fileRef = 270598F12AF471AF00D99F9B /* AddOrderViewController.swift */; };
		270598F52AF4772E00D99F9B /* OrderRepository.swift in Sources */ = {isa = PBXBuildFile; fileRef = 270598F42AF4772E00D99F9B /* OrderRepository.swift */; };
		270598F92AF4798400D99F9B /* Order.swift in Sources */ = {isa = PBXBuildFile; fileRef = 270598F82AF4798400D99F9B /* Order.swift */; };
		270598FC2AF47C7500D99F9B /* OrderViewModel.swift in Sources */ = {isa = PBXBuildFile; fileRef = 270598FB2AF47C7500D99F9B /* OrderViewModel.swift */; };
		270598FE2AF489DA00D99F9B /* AddCoffeeOrderViewModel.swift in Sources */ = {isa = PBXBuildFile; fileRef = 270598FD2AF489DA00D99F9B /* AddCoffeeOrderViewModel.swift */; };
		276E0FE92AF5BF49005EB003 /* Resource.swift in Sources */ = {isa = PBXBuildFile; fileRef = 276E0FE82AF5BF49005EB003 /* Resource.swift */; };
/* End PBXBuildFile section */

/* Begin PBXFileReference section */
		270598D72AF470D700D99F9B /* HotCoffee.app */ = {isa = PBXFileReference; explicitFileType = wrapper.application; includeInIndex = 0; path = HotCoffee.app; sourceTree = BUILT_PRODUCTS_DIR; };
		270598DA2AF470D700D99F9B /* AppDelegate.swift */ = {isa = PBXFileReference; lastKnownFileType = sourcecode.swift; path = AppDelegate.swift; sourceTree = "<group>"; };
		270598DC2AF470D700D99F9B /* SceneDelegate.swift */ = {isa = PBXFileReference; lastKnownFileType = sourcecode.swift; path = SceneDelegate.swift; sourceTree = "<group>"; };
		270598E12AF470D700D99F9B /* Base */ = {isa = PBXFileReference; lastKnownFileType = file.storyboard; name = Base; path = Base.lproj/Main.storyboard; sourceTree = "<group>"; };
		270598E32AF470D800D99F9B /* Assets.xcassets */ = {isa = PBXFileReference; lastKnownFileType = folder.assetcatalog; path = Assets.xcassets; sourceTree = "<group>"; };
		270598E62AF470D800D99F9B /* Base */ = {isa = PBXFileReference; lastKnownFileType = file.storyboard; name = Base; path = Base.lproj/LaunchScreen.storyboard; sourceTree = "<group>"; };
		270598E82AF470D800D99F9B /* Info.plist */ = {isa = PBXFileReference; lastKnownFileType = text.plist.xml; path = Info.plist; sourceTree = "<group>"; };
		270598EF2AF4719200D99F9B /* OrdersListViewController.swift */ = {isa = PBXFileReference; lastKnownFileType = sourcecode.swift; path = OrdersListViewController.swift; sourceTree = "<group>"; };
		270598F12AF471AF00D99F9B /* AddOrderViewController.swift */ = {isa = PBXFileReference; lastKnownFileType = sourcecode.swift; path = AddOrderViewController.swift; sourceTree = "<group>"; };
		270598F42AF4772E00D99F9B /* OrderRepository.swift */ = {isa = PBXFileReference; lastKnownFileType = sourcecode.swift; path = OrderRepository.swift; sourceTree = "<group>"; };
		270598F82AF4798400D99F9B /* Order.swift */ = {isa = PBXFileReference; lastKnownFileType = sourcecode.swift; path = Order.swift; sourceTree = "<group>"; };
		270598FB2AF47C7500D99F9B /* OrderViewModel.swift */ = {isa = PBXFileReference; lastKnownFileType = sourcecode.swift; path = OrderViewModel.swift; sourceTree = "<group>"; };
		270598FD2AF489DA00D99F9B /* AddCoffeeOrderViewModel.swift */ = {isa = PBXFileReference; lastKnownFileType = sourcecode.swift; path = AddCoffeeOrderViewModel.swift; sourceTree = "<group>"; };
		276E0FE82AF5BF49005EB003 /* Resource.swift */ = {isa = PBXFileReference; lastKnownFileType = sourcecode.swift; path = Resource.swift; sourceTree = "<group>"; };
/* End PBXFileReference section */

/* Begin PBXFrameworksBuildPhase section */
		270598D42AF470D700D99F9B /* Frameworks */ = {
			isa = PBXFrameworksBuildPhase;
			buildActionMask = 2147483647;
			files = (
			);
			runOnlyForDeploymentPostprocessing = 0;
		};
/* End PBXFrameworksBuildPhase section */

/* Begin PBXGroup section */
		270598CE2AF470D700D99F9B = {
			isa = PBXGroup;
			children = (
				270598D92AF470D700D99F9B /* HotCoffee */,
				270598D82AF470D700D99F9B /* Products */,
			);
			sourceTree = "<group>";
		};
		270598D82AF470D700D99F9B /* Products */ = {
			isa = PBXGroup;
			children = (
				270598D72AF470D700D99F9B /* HotCoffee.app */,
			);
			name = Products;
			sourceTree = "<group>";
		};
		270598D92AF470D700D99F9B /* HotCoffee */ = {
			isa = PBXGroup;
			children = (
				270598FA2AF47C6500D99F9B /* ViewModels */,
				270598F62AF4797300D99F9B /* Models */,
				270598F32AF4771600D99F9B /* Data */,
				270598EE2AF4717400D99F9B /* Controllers */,
				270598DA2AF470D700D99F9B /* AppDelegate.swift */,
				270598DC2AF470D700D99F9B /* SceneDelegate.swift */,
				270598E02AF470D700D99F9B /* Main.storyboard */,
				270598E32AF470D800D99F9B /* Assets.xcassets */,
				270598E52AF470D800D99F9B /* LaunchScreen.storyboard */,
				270598E82AF470D800D99F9B /* Info.plist */,
			);
			path = HotCoffee;
			sourceTree = "<group>";
		};
		270598EE2AF4717400D99F9B /* Controllers */ = {
			isa = PBXGroup;
			children = (
				270598EF2AF4719200D99F9B /* OrdersListViewController.swift */,
				270598F12AF471AF00D99F9B /* AddOrderViewController.swift */,
			);
			path = Controllers;
			sourceTree = "<group>";
		};
		270598F32AF4771600D99F9B /* Data */ = {
			isa = PBXGroup;
			children = (
				270598F42AF4772E00D99F9B /* OrderRepository.swift */,
				276E0FE82AF5BF49005EB003 /* Resource.swift */,
			);
			path = Data;
			sourceTree = "<group>";
		};
		270598F62AF4797300D99F9B /* Models */ = {
			isa = PBXGroup;
			children = (
				270598F82AF4798400D99F9B /* Order.swift */,
			);
			path = Models;
			sourceTree = "<group>";
		};
		270598FA2AF47C6500D99F9B /* ViewModels */ = {
			isa = PBXGroup;
			children = (
				270598FB2AF47C7500D99F9B /* OrderViewModel.swift */,
				270598FD2AF489DA00D99F9B /* AddCoffeeOrderViewModel.swift */,
			);
			path = ViewModels;
			sourceTree = "<group>";
		};
/* End PBXGroup section */

/* Begin PBXNativeTarget section */
		270598D62AF470D700D99F9B /* HotCoffee */ = {
			isa = PBXNativeTarget;
			buildConfigurationList = 270598EB2AF470D800D99F9B /* Build configuration list for PBXNativeTarget "HotCoffee" */;
			buildPhases = (
				270598D32AF470D700D99F9B /* Sources */,
				270598D42AF470D700D99F9B /* Frameworks */,
				270598D52AF470D700D99F9B /* Resources */,
			);
			buildRules = (
			);
			dependencies = (
			);
			name = HotCoffee;
			productName = HotCoffee;
			productReference = 270598D72AF470D700D99F9B /* HotCoffee.app */;
			productType = "com.apple.product-type.application";
		};
/* End PBXNativeTarget section */

/* Begin PBXProject section */
		270598CF2AF470D700D99F9B /* Project object */ = {
			isa = PBXProject;
			attributes = {
				BuildIndependentTargetsInParallel = 1;
				LastSwiftUpdateCheck = 1500;
				LastUpgradeCheck = 1500;
				TargetAttributes = {
					270598D62AF470D700D99F9B = {
						CreatedOnToolsVersion = 15.0;
					};
				};
			};
			buildConfigurationList = 270598D22AF470D700D99F9B /* Build configuration list for PBXProject "HotCoffee" */;
			compatibilityVersion = "Xcode 14.0";
			developmentRegion = en;
			hasScannedForEncodings = 0;
			knownRegions = (
				en,
				Base,
			);
			mainGroup = 270598CE2AF470D700D99F9B;
			productRefGroup = 270598D82AF470D700D99F9B /* Products */;
			projectDirPath = "";
			projectRoot = "";
			targets = (
				270598D62AF470D700D99F9B /* HotCoffee */,
			);
		};
/* End PBXProject section */

/* Begin PBXResourcesBuildPhase section */
		270598D52AF470D700D99F9B /* Resources */ = {
			isa = PBXResourcesBuildPhase;
			buildActionMask = 2147483647;
			files = (
				270598E72AF470D800D99F9B /* LaunchScreen.storyboard in Resources */,
				270598E42AF470D800D99F9B /* Assets.xcassets in Resources */,
				270598E22AF470D700D99F9B /* Main.storyboard in Resources */,
			);
			runOnlyForDeploymentPostprocessing = 0;
		};
/* End PBXResourcesBuildPhase section */

/* Begin PBXSourcesBuildPhase section */
		270598D32AF470D700D99F9B /* Sources */ = {
			isa = PBXSourcesBuildPhase;
			buildActionMask = 2147483647;
			files = (
				276E0FE92AF5BF49005EB003 /* Resource.swift in Sources */,
				270598F92AF4798400D99F9B /* Order.swift in Sources */,
				270598FE2AF489DA00D99F9B /* AddCoffeeOrderViewModel.swift in Sources */,
				270598DB2AF470D700D99F9B /* AppDelegate.swift in Sources */,
				270598DD2AF470D700D99F9B /* SceneDelegate.swift in Sources */,
				270598F52AF4772E00D99F9B /* OrderRepository.swift in Sources */,
				270598FC2AF47C7500D99F9B /* OrderViewModel.swift in Sources */,
				270598F02AF4719200D99F9B /* OrdersListViewController.swift in Sources */,
				270598F22AF471AF00D99F9B /* AddOrderViewController.swift in Sources */,
			);
			runOnlyForDeploymentPostprocessing = 0;
		};
/* End PBXSourcesBuildPhase section */

/* Begin PBXVariantGroup section */
		270598E02AF470D700D99F9B /* Main.storyboard */ = {
			isa = PBXVariantGroup;
			children = (
				270598E12AF470D700D99F9B /* Base */,
			);
			name = Main.storyboard;
			sourceTree = "<group>";
		};
		270598E52AF470D800D99F9B /* LaunchScreen.storyboard */ = {
			isa = PBXVariantGroup;
			children = (
				270598E62AF470D800D99F9B /* Base */,
			);
			name = LaunchScreen.storyboard;
			sourceTree = "<group>";
		};
/* End PBXVariantGroup section */

/* Begin XCBuildConfiguration section */
		270598E92AF470D800D99F9B /* Debug */ = {
			isa = XCBuildConfiguration;
			buildSettings = {
				ALWAYS_SEARCH_USER_PATHS = NO;
				ASSETCATALOG_COMPILER_GENERATE_SWIFT_ASSET_SYMBOL_EXTENSIONS = YES;
				CLANG_ANALYZER_NONNULL = YES;
				CLANG_ANALYZER_NUMBER_OBJECT_CONVERSION = YES_AGGRESSIVE;
				CLANG_CXX_LANGUAGE_STANDARD = "gnu++20";
				CLANG_ENABLE_MODULES = YES;
				CLANG_ENABLE_OBJC_ARC = YES;
				CLANG_ENABLE_OBJC_WEAK = YES;
				CLANG_WARN_BLOCK_CAPTURE_AUTORELEASING = YES;
				CLANG_WARN_BOOL_CONVERSION = YES;
				CLANG_WARN_COMMA = YES;
				CLANG_WARN_CONSTANT_CONVERSION = YES;
				CLANG_WARN_DEPRECATED_OBJC_IMPLEMENTATIONS = YES;
				CLANG_WARN_DIRECT_OBJC_ISA_USAGE = YES_ERROR;
				CLANG_WARN_DOCUMENTATION_COMMENTS = YES;
				CLANG_WARN_EMPTY_BODY = YES;
				CLANG_WARN_ENUM_CONVERSION = YES;
				CLANG_WARN_INFINITE_RECURSION = YES;
				CLANG_WARN_INT_CONVERSION = YES;
				CLANG_WARN_NON_LITERAL_NULL_CONVERSION = YES;
				CLANG_WARN_OBJC_IMPLICIT_RETAIN_SELF = YES;
				CLANG_WARN_OBJC_LITERAL_CONVERSION = YES;
				CLANG_WARN_OBJC_ROOT_CLASS = YES_ERROR;
				CLANG_WARN_QUOTED_INCLUDE_IN_FRAMEWORK_HEADER = YES;
				CLANG_WARN_RANGE_LOOP_ANALYSIS = YES;
				CLANG_WARN_STRICT_PROTOTYPES = YES;
				CLANG_WARN_SUSPICIOUS_MOVE = YES;
				CLANG_WARN_UNGUARDED_AVAILABILITY = YES_AGGRESSIVE;
				CLANG_WARN_UNREACHABLE_CODE = YES;
				CLANG_WARN__DUPLICATE_METHOD_MATCH = YES;
				COPY_PHASE_STRIP = NO;
				DEBUG_INFORMATION_FORMAT = dwarf;
				ENABLE_STRICT_OBJC_MSGSEND = YES;
				ENABLE_TESTABILITY = YES;
				ENABLE_USER_SCRIPT_SANDBOXING = YES;
				GCC_C_LANGUAGE_STANDARD = gnu17;
				GCC_DYNAMIC_NO_PIC = NO;
				GCC_NO_COMMON_BLOCKS = YES;
				GCC_OPTIMIZATION_LEVEL = 0;
				GCC_PREPROCESSOR_DEFINITIONS = (
					"DEBUG=1",
					"$(inherited)",
				);
				GCC_WARN_64_TO_32_BIT_CONVERSION = YES;
				GCC_WARN_ABOUT_RETURN_TYPE = YES_ERROR;
				GCC_WARN_UNDECLARED_SELECTOR = YES;
				GCC_WARN_UNINITIALIZED_AUTOS = YES_AGGRESSIVE;
				GCC_WARN_UNUSED_FUNCTION = YES;
				GCC_WARN_UNUSED_VARIABLE = YES;
				IPHONEOS_DEPLOYMENT_TARGET = 17.0;
				LOCALIZATION_PREFERS_STRING_CATALOGS = YES;
				MTL_ENABLE_DEBUG_INFO = INCLUDE_SOURCE;
				MTL_FAST_MATH = YES;
				ONLY_ACTIVE_ARCH = YES;
				SDKROOT = iphoneos;
				SWIFT_ACTIVE_COMPILATION_CONDITIONS = "DEBUG $(inherited)";
				SWIFT_OPTIMIZATION_LEVEL = "-Onone";
			};
			name = Debug;
		};
		270598EA2AF470D800D99F9B /* Release */ = {
			isa = XCBuildConfiguration;
			buildSettings = {
				ALWAYS_SEARCH_USER_PATHS = NO;
				ASSETCATALOG_COMPILER_GENERATE_SWIFT_ASSET_SYMBOL_EXTENSIONS = YES;
				CLANG_ANALYZER_NONNULL = YES;
				CLANG_ANALYZER_NUMBER_OBJECT_CONVERSION = YES_AGGRESSIVE;
				CLANG_CXX_LANGUAGE_STANDARD = "gnu++20";
				CLANG_ENABLE_MODULES = YES;
				CLANG_ENABLE_OBJC_ARC = YES;
				CLANG_ENABLE_OBJC_WEAK = YES;
				CLANG_WARN_BLOCK_CAPTURE_AUTORELEASING = YES;
				CLANG_WARN_BOOL_CONVERSION = YES;
				CLANG_WARN_COMMA = YES;
				CLANG_WARN_CONSTANT_CONVERSION = YES;
				CLANG_WARN_DEPRECATED_OBJC_IMPLEMENTATIONS = YES;
				CLANG_WARN_DIRECT_OBJC_ISA_USAGE = YES_ERROR;
				CLANG_WARN_DOCUMENTATION_COMMENTS = YES;
				CLANG_WARN_EMPTY_BODY = YES;
				CLANG_WARN_ENUM_CONVERSION = YES;
				CLANG_WARN_INFINITE_RECURSION = YES;
				CLANG_WARN_INT_CONVERSION = YES;
				CLANG_WARN_NON_LITERAL_NULL_CONVERSION = YES;
				CLANG_WARN_OBJC_IMPLICIT_RETAIN_SELF = YES;
				CLANG_WARN_OBJC_LITERAL_CONVERSION = YES;
				CLANG_WARN_OBJC_ROOT_CLASS = YES_ERROR;
				CLANG_WARN_QUOTED_INCLUDE_IN_FRAMEWORK_HEADER = YES;
				CLANG_WARN_RANGE_LOOP_ANALYSIS = YES;
				CLANG_WARN_STRICT_PROTOTYPES = YES;
				CLANG_WARN_SUSPICIOUS_MOVE = YES;
				CLANG_WARN_UNGUARDED_AVAILABILITY = YES_AGGRESSIVE;
				CLANG_WARN_UNREACHABLE_CODE = YES;
				CLANG_WARN__DUPLICATE_METHOD_MATCH = YES;
				COPY_PHASE_STRIP = NO;
				DEBUG_INFORMATION_FORMAT = "dwarf-with-dsym";
				ENABLE_NS_ASSERTIONS = NO;
				ENABLE_STRICT_OBJC_MSGSEND = YES;
				ENABLE_USER_SCRIPT_SANDBOXING = YES;
				GCC_C_LANGUAGE_STANDARD = gnu17;
				GCC_NO_COMMON_BLOCKS = YES;
				GCC_WARN_64_TO_32_BIT_CONVERSION = YES;
				GCC_WARN_ABOUT_RETURN_TYPE = YES_ERROR;
				GCC_WARN_UNDECLARED_SELECTOR = YES;
				GCC_WARN_UNINITIALIZED_AUTOS = YES_AGGRESSIVE;
				GCC_WARN_UNUSED_FUNCTION = YES;
				GCC_WARN_UNUSED_VARIABLE = YES;
				IPHONEOS_DEPLOYMENT_TARGET = 17.0;
				LOCALIZATION_PREFERS_STRING_CATALOGS = YES;
				MTL_ENABLE_DEBUG_INFO = NO;
				MTL_FAST_MATH = YES;
				SDKROOT = iphoneos;
				SWIFT_COMPILATION_MODE = wholemodule;
				VALIDATE_PRODUCT = YES;
			};
			name = Release;
		};
		270598EC2AF470D800D99F9B /* Debug */ = {
			isa = XCBuildConfiguration;
			buildSettings = {
				ASSETCATALOG_COMPILER_APPICON_NAME = AppIcon;
				ASSETCATALOG_COMPILER_GLOBAL_ACCENT_COLOR_NAME = AccentColor;
				CODE_SIGN_STYLE = Automatic;
				CURRENT_PROJECT_VERSION = 1;
				DEVELOPMENT_TEAM = GQ64LD2VXV;
				GENERATE_INFOPLIST_FILE = YES;
				INFOPLIST_FILE = HotCoffee/Info.plist;
				INFOPLIST_KEY_CFBundleDisplayName = "Hot Coffee";
				INFOPLIST_KEY_UIApplicationSupportsIndirectInputEvents = YES;
				INFOPLIST_KEY_UILaunchStoryboardName = LaunchScreen;
				INFOPLIST_KEY_UIMainStoryboardFile = Main;
				INFOPLIST_KEY_UIStatusBarStyle = UIStatusBarStyleLightContent;
				INFOPLIST_KEY_UISupportedInterfaceOrientations = UIInterfaceOrientationPortrait;
				INFOPLIST_KEY_UISupportedInterfaceOrientations_iPad = "UIInterfaceOrientationLandscapeLeft UIInterfaceOrientationLandscapeRight UIInterfaceOrientationPortrait UIInterfaceOrientationPortraitUpsideDown";
				LD_RUNPATH_SEARCH_PATHS = (
					"$(inherited)",
					"@executable_path/Frameworks",
				);
				MARKETING_VERSION = 1.0;
				PRODUCT_BUNDLE_IDENTIFIER = com.techvelai.hotcoffee;
				PRODUCT_NAME = "$(TARGET_NAME)";
				SWIFT_EMIT_LOC_STRINGS = YES;
				SWIFT_VERSION = 5.0;
				TARGETED_DEVICE_FAMILY = "1,2";
			};
			name = Debug;
		};
		270598ED2AF470D800D99F9B /* Release */ = {
			isa = XCBuildConfiguration;
			buildSettings = {
				ASSETCATALOG_COMPILER_APPICON_NAME = AppIcon;
				ASSETCATALOG_COMPILER_GLOBAL_ACCENT_COLOR_NAME = AccentColor;
				CODE_SIGN_STYLE = Automatic;
				CURRENT_PROJECT_VERSION = 1;
				DEVELOPMENT_TEAM = GQ64LD2VXV;
				GENERATE_INFOPLIST_FILE = YES;
				INFOPLIST_FILE = HotCoffee/Info.plist;
				INFOPLIST_KEY_CFBundleDisplayName = "Hot Coffee";
				INFOPLIST_KEY_UIApplicationSupportsIndirectInputEvents = YES;
				INFOPLIST_KEY_UILaunchStoryboardName = LaunchScreen;
				INFOPLIST_KEY_UIMainStoryboardFile = Main;
				INFOPLIST_KEY_UIStatusBarStyle = UIStatusBarStyleLightContent;
				INFOPLIST_KEY_UISupportedInterfaceOrientations = UIInterfaceOrientationPortrait;
				INFOPLIST_KEY_UISupportedInterfaceOrientations_iPad = "UIInterfaceOrientationLandscapeLeft UIInterfaceOrientationLandscapeRight UIInterfaceOrientationPortrait UIInterfaceOrientationPortraitUpsideDown";
				LD_RUNPATH_SEARCH_PATHS = (
					"$(inherited)",
					"@executable_path/Frameworks",
				);
				MARKETING_VERSION = 1.0;
				PRODUCT_BUNDLE_IDENTIFIER = com.techvelai.hotcoffee;
				PRODUCT_NAME = "$(TARGET_NAME)";
				SWIFT_EMIT_LOC_STRINGS = YES;
				SWIFT_VERSION = 5.0;
				TARGETED_DEVICE_FAMILY = "1,2";
			};
			name = Release;
		};
/* End XCBuildConfiguration section */

/* Begin XCConfigurationList section */
		270598D22AF470D700D99F9B /* Build configuration list for PBXProject "HotCoffee" */ = {
			isa = XCConfigurationList;
			buildConfigurations = (
				270598E92AF470D800D99F9B /* Debug */,
				270598EA2AF470D800D99F9B /* Release */,
			);
			defaultConfigurationIsVisible = 0;
			defaultConfigurationName = Release;
		};
		270598EB2AF470D800D99F9B /* Build configuration list for PBXNativeTarget "HotCoffee" */ = {
			isa = XCConfigurationList;
			buildConfigurations = (
				270598EC2AF470D800D99F9B /* Debug */,
				270598ED2AF470D800D99F9B /* Release */,
			);
			defaultConfigurationIsVisible = 0;
			defaultConfigurationName = Release;
		};
/* End XCConfigurationList section */
	};
	rootObject = 270598CF2AF470D700D99F9B /* Project object */;
}
